// !$*UTF8*$!
{
	archiveVersion = 1;
	classes = {
	};
	objectVersion = 46;
	objects = {

/* Begin PBXBuildFile section */
		0AABB941587518669B46B38A /* ofxGamepadLinux.cpp in Sources */ = {isa = PBXBuildFile; fileRef = E7D275CEC42CF5906CA88D44 /* ofxGamepadLinux.cpp */; };
		10B69DE456AED1288FC9316B /* Tracker.cpp in Sources */ = {isa = PBXBuildFile; fileRef = A810DF70319A10353588F5DB /* Tracker.cpp */; };
		1CD33E884D9E3358252E82A1 /* ofxToggle.cpp in Sources */ = {isa = PBXBuildFile; fileRef = 907C5B5E104864A2D3A25745 /* ofxToggle.cpp */; };
		2023EF517ED2D8B397511D4B /* Helpers.cpp in Sources */ = {isa = PBXBuildFile; fileRef = B9076967F8C54A04362C04AA /* Helpers.cpp */; };
		311DF864378748129984EA1D /* Kalman.cpp in Sources */ = {isa = PBXBuildFile; fileRef = 77A1A692522820F935B58762 /* Kalman.cpp */; };
		38488EE82DBBCC265EEAEFD2 /* ofxGamepadOIS.cpp in Sources */ = {isa = PBXBuildFile; fileRef = FC5665461DF9211A8FB4AE83 /* ofxGamepadOIS.cpp */; };
		45CC483A999BF1065A6B926C /* Distance.cpp in Sources */ = {isa = PBXBuildFile; fileRef = 9DBD717072C35D324E101669 /* Distance.cpp */; };
		483908258D00B98B4BE69F07 /* ofxLabel.cpp in Sources */ = {isa = PBXBuildFile; fileRef = 78D67A00EB899FAC09430597 /* ofxLabel.cpp */; };
		5CBB2AB3A60F65431D7B555D /* ofxButton.cpp in Sources */ = {isa = PBXBuildFile; fileRef = C88333E71C9457E441C33474 /* ofxButton.cpp */; };
		5CC34D433F5806179935B89D /* Flow.cpp in Sources */ = {isa = PBXBuildFile; fileRef = 03A75A648BC4CF1D9DEDD0CE /* Flow.cpp */; };
		603044E656EA8D499FCF7DEA /* ofxVectorGraphics.cpp in Sources */ = {isa = PBXBuildFile; fileRef = 318ABED90EADFB757FFDCCAF /* ofxVectorGraphics.cpp */; };
		6AABAB39E82AF5CFEA23A205 /* ContourFinder.cpp in Sources */ = {isa = PBXBuildFile; fileRef = 5FBB4A8427353AED09174BE5 /* ContourFinder.cpp */; };
		7CDAD32BE4FA46701E3552C7 /* RunningBackground.cpp in Sources */ = {isa = PBXBuildFile; fileRef = 5CBF6AED6A17AC0C17F63CC4 /* RunningBackground.cpp */; };
		837220E80EB56CD44AD27F2A /* ofxSlider.cpp in Sources */ = {isa = PBXBuildFile; fileRef = 15F2C6477A769C03A56D1401 /* ofxSlider.cpp */; };
		856AA354D08AB4B323081444 /* ofxBaseGui.cpp in Sources */ = {isa = PBXBuildFile; fileRef = 9604B925D32EE39065747725 /* ofxBaseGui.cpp */; };
		A6668C5B1272D7FCD5B5A16F /* Utilities.cpp in Sources */ = {isa = PBXBuildFile; fileRef = 6CEC50DB3D06414010233963 /* Utilities.cpp */; };
		B266578FC55D23BFEBC042E7 /* ofxGuiGroup.cpp in Sources */ = {isa = PBXBuildFile; fileRef = ECF8674C7975F1063C5E30CA /* ofxGuiGroup.cpp */; };
		B56FE57CC35806596D38118C /* ofxSliderGroup.cpp in Sources */ = {isa = PBXBuildFile; fileRef = 802251BAF1B35B1D67B32FD0 /* ofxSliderGroup.cpp */; };
		B6840996567E78436F7ECFAB /* ETF.cpp in Sources */ = {isa = PBXBuildFile; fileRef = B047FF96258DC01792B272DB /* ETF.cpp */; };
		BBAB23CB13894F3D00AA2426 /* GLUT.framework in CopyFiles */ = {isa = PBXBuildFile; fileRef = BBAB23BE13894E4700AA2426 /* GLUT.framework */; };
		C602002DE761F9B52DB4400A /* ObjectFinder.cpp in Sources */ = {isa = PBXBuildFile; fileRef = AE75A3FBA2C2D87D14F06FE6 /* ObjectFinder.cpp */; };
		CA0674ED872DC2F0706DF4EF /* ofxGamepadCamera.cpp in Sources */ = {isa = PBXBuildFile; fileRef = 598E3F6FD9FA604FB8B95B27 /* ofxGamepadCamera.cpp */; };
		CC31DA173FF109FFC257057C /* ofxGamepad.cpp in Sources */ = {isa = PBXBuildFile; fileRef = 2CA5C50FE8BD154B05014D2E /* ofxGamepad.cpp */; };
		DBCB84A37F9AECC254870D79 /* Wrappers.cpp in Sources */ = {isa = PBXBuildFile; fileRef = D347FB65D19015303863922A /* Wrappers.cpp */; };
		E4328149138ABC9F0047C5CB /* openFrameworksDebug.a in Frameworks */ = {isa = PBXBuildFile; fileRef = E4328148138ABC890047C5CB /* openFrameworksDebug.a */; };
		E45BE97B0E8CC7DD009D7055 /* AGL.framework in Frameworks */ = {isa = PBXBuildFile; fileRef = E45BE9710E8CC7DD009D7055 /* AGL.framework */; };
		E45BE97C0E8CC7DD009D7055 /* ApplicationServices.framework in Frameworks */ = {isa = PBXBuildFile; fileRef = E45BE9720E8CC7DD009D7055 /* ApplicationServices.framework */; };
		E45BE97D0E8CC7DD009D7055 /* AudioToolbox.framework in Frameworks */ = {isa = PBXBuildFile; fileRef = E45BE9730E8CC7DD009D7055 /* AudioToolbox.framework */; };
		E45BE97F0E8CC7DD009D7055 /* CoreAudio.framework in Frameworks */ = {isa = PBXBuildFile; fileRef = E45BE9750E8CC7DD009D7055 /* CoreAudio.framework */; };
		E45BE9800E8CC7DD009D7055 /* CoreFoundation.framework in Frameworks */ = {isa = PBXBuildFile; fileRef = E45BE9760E8CC7DD009D7055 /* CoreFoundation.framework */; };
		E45BE9810E8CC7DD009D7055 /* CoreServices.framework in Frameworks */ = {isa = PBXBuildFile; fileRef = E45BE9770E8CC7DD009D7055 /* CoreServices.framework */; };
		E45BE9830E8CC7DD009D7055 /* OpenGL.framework in Frameworks */ = {isa = PBXBuildFile; fileRef = E45BE9790E8CC7DD009D7055 /* OpenGL.framework */; };
		E45BE9840E8CC7DD009D7055 /* QuickTime.framework in Frameworks */ = {isa = PBXBuildFile; fileRef = E45BE97A0E8CC7DD009D7055 /* QuickTime.framework */; };
		E4B69E200A3A1BDC003C02F2 /* main.cpp in Sources */ = {isa = PBXBuildFile; fileRef = E4B69E1D0A3A1BDC003C02F2 /* main.cpp */; };
		E4B69E210A3A1BDC003C02F2 /* ofApp.cpp in Sources */ = {isa = PBXBuildFile; fileRef = E4B69E1E0A3A1BDC003C02F2 /* ofApp.cpp */; };
		E4C2424710CC5A17004149E2 /* AppKit.framework in Frameworks */ = {isa = PBXBuildFile; fileRef = E4C2424410CC5A17004149E2 /* AppKit.framework */; };
		E4C2424810CC5A17004149E2 /* Cocoa.framework in Frameworks */ = {isa = PBXBuildFile; fileRef = E4C2424510CC5A17004149E2 /* Cocoa.framework */; };
		E4C2424910CC5A17004149E2 /* IOKit.framework in Frameworks */ = {isa = PBXBuildFile; fileRef = E4C2424610CC5A17004149E2 /* IOKit.framework */; };
		E4EB6799138ADC1D00A09F29 /* GLUT.framework in Frameworks */ = {isa = PBXBuildFile; fileRef = BBAB23BE13894E4700AA2426 /* GLUT.framework */; };
		E7E077E515D3B63C0020DFD4 /* CoreVideo.framework in Frameworks */ = {isa = PBXBuildFile; fileRef = E7E077E415D3B63C0020DFD4 /* CoreVideo.framework */; };
		E7E077E815D3B6510020DFD4 /* QTKit.framework in Frameworks */ = {isa = PBXBuildFile; fileRef = E7E077E715D3B6510020DFD4 /* QTKit.framework */; };
		E7F985F815E0DEA3003869B5 /* Accelerate.framework in Frameworks */ = {isa = PBXBuildFile; fileRef = E7F985F515E0DE99003869B5 /* Accelerate.framework */; };
		EBCDE831EFAE08274E799C97 /* Calibration.cpp in Sources */ = {isa = PBXBuildFile; fileRef = 402C8F4015542356D362AC88 /* Calibration.cpp */; };
		EF00D09A7AA7C08FDC63ED88 /* ofxGamepadHandler.cpp in Sources */ = {isa = PBXBuildFile; fileRef = 57751ED3A944BF55EB9C9302 /* ofxGamepadHandler.cpp */; };
		F01092BB147FA462845C38C7 /* CreEPS.cpp in Sources */ = {isa = PBXBuildFile; fileRef = 34BF591C646B5F6EF968D620 /* CreEPS.cpp */; };
		F285EB3169F1566CA3D93C20 /* ofxPanel.cpp in Sources */ = {isa = PBXBuildFile; fileRef = E112B3AEBEA2C091BF2B40AE /* ofxPanel.cpp */; };
		F434396B1A671EEF002C174E /* ofxCvColorImage.cpp in Sources */ = {isa = PBXBuildFile; fileRef = F43438F41A671EEF002C174E /* ofxCvColorImage.cpp */; };
		F434396C1A671EEF002C174E /* ofxCvContourFinder.cpp in Sources */ = {isa = PBXBuildFile; fileRef = F43438F71A671EEF002C174E /* ofxCvContourFinder.cpp */; };
		F434396D1A671EEF002C174E /* ofxCvFloatImage.cpp in Sources */ = {isa = PBXBuildFile; fileRef = F43438F91A671EEF002C174E /* ofxCvFloatImage.cpp */; };
		F434396E1A671EEF002C174E /* ofxCvGrayscaleImage.cpp in Sources */ = {isa = PBXBuildFile; fileRef = F43438FB1A671EEF002C174E /* ofxCvGrayscaleImage.cpp */; };
		F434396F1A671EEF002C174E /* ofxCvHaarFinder.cpp in Sources */ = {isa = PBXBuildFile; fileRef = F43438FD1A671EEF002C174E /* ofxCvHaarFinder.cpp */; };
		F43439701A671EEF002C174E /* ofxCvImage.cpp in Sources */ = {isa = PBXBuildFile; fileRef = F43438FF1A671EEF002C174E /* ofxCvImage.cpp */; };
		F43439711A671EEF002C174E /* ofxCvShortImage.cpp in Sources */ = {isa = PBXBuildFile; fileRef = F43439011A671EEF002C174E /* ofxCvShortImage.cpp */; };
		F43439721A671EEF002C174E /* opencv.a in Frameworks */ = {isa = PBXBuildFile; fileRef = F434396A1A671EEF002C174E /* opencv.a */; };
		F43439751A672BD4002C174E /* trackSegment.cpp in Sources */ = {isa = PBXBuildFile; fileRef = F43439731A672BD4002C174E /* trackSegment.cpp */; };
		F76B4A79BD8DE4854141CB47 /* fdog.cpp in Sources */ = {isa = PBXBuildFile; fileRef = A2D8249D46647E3C51769CDE /* fdog.cpp */; };
/* End PBXBuildFile section */

/* Begin PBXContainerItemProxy section */
		E4328147138ABC890047C5CB /* PBXContainerItemProxy */ = {
			isa = PBXContainerItemProxy;
			containerPortal = E4328143138ABC890047C5CB /* openFrameworksLib.xcodeproj */;
			proxyType = 2;
			remoteGlobalIDString = E4B27C1510CBEB8E00536013;
			remoteInfo = openFrameworks;
		};
		E4EEB9AB138B136A00A80321 /* PBXContainerItemProxy */ = {
			isa = PBXContainerItemProxy;
			containerPortal = E4328143138ABC890047C5CB /* openFrameworksLib.xcodeproj */;
			proxyType = 1;
			remoteGlobalIDString = E4B27C1410CBEB8E00536013;
			remoteInfo = openFrameworks;
		};
/* End PBXContainerItemProxy section */

/* Begin PBXCopyFilesBuildPhase section */
		E4C2427710CC5ABF004149E2 /* CopyFiles */ = {
			isa = PBXCopyFilesBuildPhase;
			buildActionMask = 2147483647;
			dstPath = "";
			dstSubfolderSpec = 10;
			files = (
				BBAB23CB13894F3D00AA2426 /* GLUT.framework in CopyFiles */,
			);
			runOnlyForDeploymentPostprocessing = 0;
		};
/* End PBXCopyFilesBuildPhase section */

/* Begin PBXFileReference section */
		03A75A648BC4CF1D9DEDD0CE /* Flow.cpp */ = {isa = PBXFileReference; explicitFileType = sourcecode.cpp.cpp; fileEncoding = 30; name = Flow.cpp; path = ../../../addons/ofxCv/libs/ofxCv/src/Flow.cpp; sourceTree = SOURCE_ROOT; };
		068B7A1248FCF7D5888C8ECE /* OISJoyStick.h */ = {isa = PBXFileReference; explicitFileType = sourcecode.c.h; fileEncoding = 30; name = OISJoyStick.h; path = ../../../addons/ofxGamepad/libs/wgois/include/OISJoyStick.h; sourceTree = SOURCE_ROOT; };
		08D3F505111C33F24A95EE34 /* OISFactoryCreator.h */ = {isa = PBXFileReference; explicitFileType = sourcecode.c.h; fileEncoding = 30; name = OISFactoryCreator.h; path = ../../../addons/ofxGamepad/libs/wgois/include/OISFactoryCreator.h; sourceTree = SOURCE_ROOT; };
		0A1DAC09F322AE313A40706D /* ofxToggle.h */ = {isa = PBXFileReference; explicitFileType = sourcecode.c.h; fileEncoding = 30; name = ofxToggle.h; path = ../../../addons/ofxGui/src/ofxToggle.h; sourceTree = SOURCE_ROOT; };
		115B8091605FA9119BD559BA /* Win32Mouse.h */ = {isa = PBXFileReference; explicitFileType = sourcecode.c.h; fileEncoding = 30; name = Win32Mouse.h; path = ../../../addons/ofxGamepad/libs/wgois/include/win32/Win32Mouse.h; sourceTree = SOURCE_ROOT; };
		11D7A477920A2054FD49C2D2 /* CreEPS_Types.hpp */ = {isa = PBXFileReference; explicitFileType = sourcecode.c.h; fileEncoding = 30; name = CreEPS_Types.hpp; path = ../../../addons/ofxVectorGraphics/libs/CreEPS_Types.hpp; sourceTree = SOURCE_ROOT; };
		12DDB56ED07C76BE077A61F9 /* OISMultiTouch.h */ = {isa = PBXFileReference; explicitFileType = sourcecode.c.h; fileEncoding = 30; name = OISMultiTouch.h; path = ../../../addons/ofxGamepad/libs/wgois/include/OISMultiTouch.h; sourceTree = SOURCE_ROOT; };
		12E52F1A9FB9919C7461754E /* OISKeyboard.h */ = {isa = PBXFileReference; explicitFileType = sourcecode.c.h; fileEncoding = 30; name = OISKeyboard.h; path = ../../../addons/ofxGamepad/libs/wgois/include/OISKeyboard.h; sourceTree = SOURCE_ROOT; };
		15280807AE4C24AD98EC5727 /* OISPrereqs.h */ = {isa = PBXFileReference; explicitFileType = sourcecode.c.h; fileEncoding = 30; name = OISPrereqs.h; path = ../../../addons/ofxGamepad/libs/wgois/include/OISPrereqs.h; sourceTree = SOURCE_ROOT; };
		15F2C6477A769C03A56D1401 /* ofxSlider.cpp */ = {isa = PBXFileReference; explicitFileType = sourcecode.cpp.cpp; fileEncoding = 30; name = ofxSlider.cpp; path = ../../../addons/ofxGui/src/ofxSlider.cpp; sourceTree = SOURCE_ROOT; };
		178547E33CE398C7B59F08AB /* ContourFinder.h */ = {isa = PBXFileReference; explicitFileType = sourcecode.c.h; fileEncoding = 30; name = ContourFinder.h; path = ../../../addons/ofxCv/libs/ofxCv/include/ofxCv/ContourFinder.h; sourceTree = SOURCE_ROOT; };
		17E65988300FBD9AAA2CD0CA /* ofxGui.h */ = {isa = PBXFileReference; explicitFileType = sourcecode.c.h; fileEncoding = 30; name = ofxGui.h; path = ../../../addons/ofxGui/src/ofxGui.h; sourceTree = SOURCE_ROOT; };
		1C0DA2561397A7DE0246858B /* ofxGuiGroup.h */ = {isa = PBXFileReference; explicitFileType = sourcecode.c.h; fileEncoding = 30; name = ofxGuiGroup.h; path = ../../../addons/ofxGui/src/ofxGuiGroup.h; sourceTree = SOURCE_ROOT; };
		2834D88A62CD23F3DE2C47D1 /* ofxButton.h */ = {isa = PBXFileReference; explicitFileType = sourcecode.c.h; fileEncoding = 30; name = ofxButton.h; path = ../../../addons/ofxGui/src/ofxButton.h; sourceTree = SOURCE_ROOT; };
		289D23B52493F93798C687DC /* EventHelpers.h */ = {isa = PBXFileReference; explicitFileType = sourcecode.c.h; fileEncoding = 30; name = EventHelpers.h; path = ../../../addons/ofxGamepad/libs/wgois/include/linux/EventHelpers.h; sourceTree = SOURCE_ROOT; };
		2B6E08AE010A7A8F52671439 /* MacJoyStick.h */ = {isa = PBXFileReference; explicitFileType = sourcecode.c.h; fileEncoding = 30; name = MacJoyStick.h; path = ../../../addons/ofxGamepad/libs/wgois/include/mac/MacJoyStick.h; sourceTree = SOURCE_ROOT; };
		2C232993186ADD81E60EFD70 /* OISEffect.h */ = {isa = PBXFileReference; explicitFileType = sourcecode.c.h; fileEncoding = 30; name = OISEffect.h; path = ../../../addons/ofxGamepad/libs/wgois/include/OISEffect.h; sourceTree = SOURCE_ROOT; };
		2CA5C50FE8BD154B05014D2E /* ofxGamepad.cpp */ = {isa = PBXFileReference; explicitFileType = sourcecode.cpp.cpp; fileEncoding = 30; name = ofxGamepad.cpp; path = ../../../addons/ofxGamepad/src/ofxGamepad.cpp; sourceTree = SOURCE_ROOT; };
		308FE33C150AC27A54156718 /* Win32Prereqs.h */ = {isa = PBXFileReference; explicitFileType = sourcecode.c.h; fileEncoding = 30; name = Win32Prereqs.h; path = ../../../addons/ofxGamepad/libs/wgois/include/win32/Win32Prereqs.h; sourceTree = SOURCE_ROOT; };
		318ABED90EADFB757FFDCCAF /* ofxVectorGraphics.cpp */ = {isa = PBXFileReference; explicitFileType = sourcecode.cpp.cpp; fileEncoding = 30; name = ofxVectorGraphics.cpp; path = ../../../addons/ofxVectorGraphics/src/ofxVectorGraphics.cpp; sourceTree = SOURCE_ROOT; };
		325BD94FFB93161BBC68336E /* ofxCv.h */ = {isa = PBXFileReference; explicitFileType = sourcecode.c.h; fileEncoding = 30; name = ofxCv.h; path = ../../../addons/ofxCv/src/ofxCv.h; sourceTree = SOURCE_ROOT; };
		34BF591C646B5F6EF968D620 /* CreEPS.cpp */ = {isa = PBXFileReference; explicitFileType = sourcecode.cpp.cpp; fileEncoding = 30; name = CreEPS.cpp; path = ../../../addons/ofxVectorGraphics/libs/CreEPS.cpp; sourceTree = SOURCE_ROOT; };
		400267F52EF205E46E46032A /* OISException.h */ = {isa = PBXFileReference; explicitFileType = sourcecode.c.h; fileEncoding = 30; name = OISException.h; path = ../../../addons/ofxGamepad/libs/wgois/include/OISException.h; sourceTree = SOURCE_ROOT; };
		402C8F4015542356D362AC88 /* Calibration.cpp */ = {isa = PBXFileReference; explicitFileType = sourcecode.cpp.cpp; fileEncoding = 30; name = Calibration.cpp; path = ../../../addons/ofxCv/libs/ofxCv/src/Calibration.cpp; sourceTree = SOURCE_ROOT; };
		41BAFB404BFAB233C0EF2229 /* OISConfig.h */ = {isa = PBXFileReference; explicitFileType = sourcecode.c.h; fileEncoding = 30; name = OISConfig.h; path = ../../../addons/ofxGamepad/libs/wgois/include/OISConfig.h; sourceTree = SOURCE_ROOT; };
		422C1858C62E3E94F30FD023 /* OISMouse.h */ = {isa = PBXFileReference; explicitFileType = sourcecode.c.h; fileEncoding = 30; name = OISMouse.h; path = ../../../addons/ofxGamepad/libs/wgois/include/OISMouse.h; sourceTree = SOURCE_ROOT; };
		4524C0ED0C2DD3E085CE3350 /* ObjectFinder.h */ = {isa = PBXFileReference; explicitFileType = sourcecode.c.h; fileEncoding = 30; name = ObjectFinder.h; path = ../../../addons/ofxCv/libs/ofxCv/include/ofxCv/ObjectFinder.h; sourceTree = SOURCE_ROOT; };
		507C768F83E80F2D980DAFD1 /* LinuxInputManager.h */ = {isa = PBXFileReference; explicitFileType = sourcecode.c.h; fileEncoding = 30; name = LinuxInputManager.h; path = ../../../addons/ofxGamepad/libs/wgois/include/linux/LinuxInputManager.h; sourceTree = SOURCE_ROOT; };
		52AFA1F08C420992CAAAE648 /* ofxSlider.h */ = {isa = PBXFileReference; explicitFileType = sourcecode.c.h; fileEncoding = 30; name = ofxSlider.h; path = ../../../addons/ofxGui/src/ofxSlider.h; sourceTree = SOURCE_ROOT; };
		52BBC11098DAA003FDE79F4D /* Win32KeyBoard.h */ = {isa = PBXFileReference; explicitFileType = sourcecode.c.h; fileEncoding = 30; name = Win32KeyBoard.h; path = ../../../addons/ofxGamepad/libs/wgois/include/win32/Win32KeyBoard.h; sourceTree = SOURCE_ROOT; };
		55CF7089308EAFFF871F4627 /* LinuxMouse.h */ = {isa = PBXFileReference; explicitFileType = sourcecode.c.h; fileEncoding = 30; name = LinuxMouse.h; path = ../../../addons/ofxGamepad/libs/wgois/include/linux/LinuxMouse.h; sourceTree = SOURCE_ROOT; };
		57751ED3A944BF55EB9C9302 /* ofxGamepadHandler.cpp */ = {isa = PBXFileReference; explicitFileType = sourcecode.cpp.cpp; fileEncoding = 30; name = ofxGamepadHandler.cpp; path = ../../../addons/ofxGamepad/src/ofxGamepadHandler.cpp; sourceTree = SOURCE_ROOT; };
		58140E0F92D37844E9C8883D /* Calibration.h */ = {isa = PBXFileReference; explicitFileType = sourcecode.c.h; fileEncoding = 30; name = Calibration.h; path = ../../../addons/ofxCv/libs/ofxCv/include/ofxCv/Calibration.h; sourceTree = SOURCE_ROOT; };
		598E3F6FD9FA604FB8B95B27 /* ofxGamepadCamera.cpp */ = {isa = PBXFileReference; explicitFileType = sourcecode.cpp.cpp; fileEncoding = 30; name = ofxGamepadCamera.cpp; path = ../../../addons/ofxGamepad/src/ofxGamepadCamera.cpp; sourceTree = SOURCE_ROOT; };
		5CBF6AED6A17AC0C17F63CC4 /* RunningBackground.cpp */ = {isa = PBXFileReference; explicitFileType = sourcecode.cpp.cpp; fileEncoding = 30; name = RunningBackground.cpp; path = ../../../addons/ofxCv/libs/ofxCv/src/RunningBackground.cpp; sourceTree = SOURCE_ROOT; };
		5D9C361DAFF4970D1C636923 /* MacHelpers.h */ = {isa = PBXFileReference; explicitFileType = sourcecode.c.h; fileEncoding = 30; name = MacHelpers.h; path = ../../../addons/ofxGamepad/libs/wgois/include/mac/MacHelpers.h; sourceTree = SOURCE_ROOT; };
		5FBB4A8427353AED09174BE5 /* ContourFinder.cpp */ = {isa = PBXFileReference; explicitFileType = sourcecode.cpp.cpp; fileEncoding = 30; name = ContourFinder.cpp; path = ../../../addons/ofxCv/libs/ofxCv/src/ContourFinder.cpp; sourceTree = SOURCE_ROOT; };
		6B3CDFD1A15E92F074E7D5AE /* RunningBackground.h */ = {isa = PBXFileReference; explicitFileType = sourcecode.c.h; fileEncoding = 30; name = RunningBackground.h; path = ../../../addons/ofxCv/libs/ofxCv/include/ofxCv/RunningBackground.h; sourceTree = SOURCE_ROOT; };
		6BBC0670A01F40F117418426 /* MacHIDManager.h */ = {isa = PBXFileReference; explicitFileType = sourcecode.c.h; fileEncoding = 30; name = MacHIDManager.h; path = ../../../addons/ofxGamepad/libs/wgois/include/mac/MacHIDManager.h; sourceTree = SOURCE_ROOT; };
		6CEC50DB3D06414010233963 /* Utilities.cpp */ = {isa = PBXFileReference; explicitFileType = sourcecode.cpp.cpp; fileEncoding = 30; name = Utilities.cpp; path = ../../../addons/ofxCv/libs/ofxCv/src/Utilities.cpp; sourceTree = SOURCE_ROOT; };
		70046E043EDDB466ED625C3B /* Tracker.h */ = {isa = PBXFileReference; explicitFileType = sourcecode.c.h; fileEncoding = 30; name = Tracker.h; path = ../../../addons/ofxCv/libs/ofxCv/include/ofxCv/Tracker.h; sourceTree = SOURCE_ROOT; };
		73157AAE32787C63313C7D8E /* Wrappers.h */ = {isa = PBXFileReference; explicitFileType = sourcecode.c.h; fileEncoding = 30; name = Wrappers.h; path = ../../../addons/ofxCv/libs/ofxCv/include/ofxCv/Wrappers.h; sourceTree = SOURCE_ROOT; };
		73C8E6D96131FD5F50B07549 /* OIS.h */ = {isa = PBXFileReference; explicitFileType = sourcecode.c.h; fileEncoding = 30; name = OIS.h; path = ../../../addons/ofxGamepad/libs/wgois/include/OIS.h; sourceTree = SOURCE_ROOT; };
		778210F4AE0A2FE553D6FDEB /* Win32InputManager.h */ = {isa = PBXFileReference; explicitFileType = sourcecode.c.h; fileEncoding = 30; name = Win32InputManager.h; path = ../../../addons/ofxGamepad/libs/wgois/include/win32/Win32InputManager.h; sourceTree = SOURCE_ROOT; };
		77A1A692522820F935B58762 /* Kalman.cpp */ = {isa = PBXFileReference; explicitFileType = sourcecode.cpp.cpp; fileEncoding = 30; name = Kalman.cpp; path = ../../../addons/ofxCv/libs/ofxCv/src/Kalman.cpp; sourceTree = SOURCE_ROOT; };
		78D67A00EB899FAC09430597 /* ofxLabel.cpp */ = {isa = PBXFileReference; explicitFileType = sourcecode.cpp.cpp; fileEncoding = 30; name = ofxLabel.cpp; path = ../../../addons/ofxGui/src/ofxLabel.cpp; sourceTree = SOURCE_ROOT; };
		7CF04C9D2CA53AFEFD8D9A29 /* MacMouse.h */ = {isa = PBXFileReference; explicitFileType = sourcecode.c.h; fileEncoding = 30; name = MacMouse.h; path = ../../../addons/ofxGamepad/libs/wgois/include/mac/MacMouse.h; sourceTree = SOURCE_ROOT; };
		7ED4B6516D30EAEC5C2F9720 /* LinuxKeyboard.h */ = {isa = PBXFileReference; explicitFileType = sourcecode.c.h; fileEncoding = 30; name = LinuxKeyboard.h; path = ../../../addons/ofxGamepad/libs/wgois/include/linux/LinuxKeyboard.h; sourceTree = SOURCE_ROOT; };
		802251BAF1B35B1D67B32FD0 /* ofxSliderGroup.cpp */ = {isa = PBXFileReference; explicitFileType = sourcecode.cpp.cpp; fileEncoding = 30; name = ofxSliderGroup.cpp; path = ../../../addons/ofxGui/src/ofxSliderGroup.cpp; sourceTree = SOURCE_ROOT; };
		820102E51B125101D727B3CC /* ETF.h */ = {isa = PBXFileReference; explicitFileType = sourcecode.c.h; fileEncoding = 30; name = ETF.h; path = ../../../addons/ofxCv/libs/CLD/include/CLD/ETF.h; sourceTree = SOURCE_ROOT; };
		8326CDEDA153D242D924D2B6 /* Flow.h */ = {isa = PBXFileReference; explicitFileType = sourcecode.c.h; fileEncoding = 30; name = Flow.h; path = ../../../addons/ofxCv/libs/ofxCv/include/ofxCv/Flow.h; sourceTree = SOURCE_ROOT; };
		84D3470A12DEE51F320224AC /* Utilities.h */ = {isa = PBXFileReference; explicitFileType = sourcecode.c.h; fileEncoding = 30; name = Utilities.h; path = ../../../addons/ofxCv/libs/ofxCv/include/ofxCv/Utilities.h; sourceTree = SOURCE_ROOT; };
		8738DE90218B1E9054A88B54 /* Helpers.h */ = {isa = PBXFileReference; explicitFileType = sourcecode.c.h; fileEncoding = 30; name = Helpers.h; path = ../../../addons/ofxCv/libs/ofxCv/include/ofxCv/Helpers.h; sourceTree = SOURCE_ROOT; };
		8760F730B895921E82D89F2C /* OISEvents.h */ = {isa = PBXFileReference; explicitFileType = sourcecode.c.h; fileEncoding = 30; name = OISEvents.h; path = ../../../addons/ofxGamepad/libs/wgois/include/OISEvents.h; sourceTree = SOURCE_ROOT; };
		87F26B4B24CBD428AD9EEBAA /* ofxBaseGui.h */ = {isa = PBXFileReference; explicitFileType = sourcecode.c.h; fileEncoding = 30; name = ofxBaseGui.h; path = ../../../addons/ofxGui/src/ofxBaseGui.h; sourceTree = SOURCE_ROOT; };
		89449E3044D456F7DE7BEA14 /* ofxPanel.h */ = {isa = PBXFileReference; explicitFileType = sourcecode.c.h; fileEncoding = 30; name = ofxPanel.h; path = ../../../addons/ofxGui/src/ofxPanel.h; sourceTree = SOURCE_ROOT; };
		8EBD531D4D2A9F5DAF1702F5 /* LinuxJoyStickEvents.h */ = {isa = PBXFileReference; explicitFileType = sourcecode.c.h; fileEncoding = 30; name = LinuxJoyStickEvents.h; path = ../../../addons/ofxGamepad/libs/wgois/include/linux/LinuxJoyStickEvents.h; sourceTree = SOURCE_ROOT; };
		8F135DC7449671009025F58C /* ofxGamepadConfigs.h */ = {isa = PBXFileReference; explicitFileType = sourcecode.c.h; fileEncoding = 30; name = ofxGamepadConfigs.h; path = ../../../addons/ofxGamepad/src/ofxGamepadConfigs.h; sourceTree = SOURCE_ROOT; };
		907C5B5E104864A2D3A25745 /* ofxToggle.cpp */ = {isa = PBXFileReference; explicitFileType = sourcecode.cpp.cpp; fileEncoding = 30; name = ofxToggle.cpp; path = ../../../addons/ofxGui/src/ofxToggle.cpp; sourceTree = SOURCE_ROOT; };
		91C3D774602C3F6B442C901E /* ofxGamepadOIS.h */ = {isa = PBXFileReference; explicitFileType = sourcecode.c.h; fileEncoding = 30; name = ofxGamepadOIS.h; path = ../../../addons/ofxGamepad/src/ofxGamepadOIS.h; sourceTree = SOURCE_ROOT; };
		9604B925D32EE39065747725 /* ofxBaseGui.cpp */ = {isa = PBXFileReference; explicitFileType = sourcecode.cpp.cpp; fileEncoding = 30; name = ofxBaseGui.cpp; path = ../../../addons/ofxGui/src/ofxBaseGui.cpp; sourceTree = SOURCE_ROOT; };
		96BF8BE9BF4F78B480FAE323 /* OISInputManager.h */ = {isa = PBXFileReference; explicitFileType = sourcecode.c.h; fileEncoding = 30; name = OISInputManager.h; path = ../../../addons/ofxGamepad/libs/wgois/include/OISInputManager.h; sourceTree = SOURCE_ROOT; };
		982C81B416018ED99E0E0EFF /* MacPrereqs.h */ = {isa = PBXFileReference; explicitFileType = sourcecode.c.h; fileEncoding = 30; name = MacPrereqs.h; path = ../../../addons/ofxGamepad/libs/wgois/include/mac/MacPrereqs.h; sourceTree = SOURCE_ROOT; };
		9DBD717072C35D324E101669 /* Distance.cpp */ = {isa = PBXFileReference; explicitFileType = sourcecode.cpp.cpp; fileEncoding = 30; name = Distance.cpp; path = ../../../addons/ofxCv/libs/ofxCv/src/Distance.cpp; sourceTree = SOURCE_ROOT; };
		A2D8249D46647E3C51769CDE /* fdog.cpp */ = {isa = PBXFileReference; explicitFileType = sourcecode.cpp.cpp; fileEncoding = 30; name = fdog.cpp; path = ../../../addons/ofxCv/libs/CLD/src/fdog.cpp; sourceTree = SOURCE_ROOT; };
		A644CDF2ECC6D52E53277524 /* OISForceFeedback.h */ = {isa = PBXFileReference; explicitFileType = sourcecode.c.h; fileEncoding = 30; name = OISForceFeedback.h; path = ../../../addons/ofxGamepad/libs/wgois/include/OISForceFeedback.h; sourceTree = SOURCE_ROOT; };
		A810DF70319A10353588F5DB /* Tracker.cpp */ = {isa = PBXFileReference; explicitFileType = sourcecode.cpp.cpp; fileEncoding = 30; name = Tracker.cpp; path = ../../../addons/ofxCv/libs/ofxCv/src/Tracker.cpp; sourceTree = SOURCE_ROOT; };
		A852AD3A75FDFD790A24855A /* CreEPS.hpp */ = {isa = PBXFileReference; explicitFileType = sourcecode.c.h; fileEncoding = 30; name = CreEPS.hpp; path = ../../../addons/ofxVectorGraphics/libs/CreEPS.hpp; sourceTree = SOURCE_ROOT; };
		AA8E7AABD7D511F7971343E8 /* LinuxPrereqs.h */ = {isa = PBXFileReference; explicitFileType = sourcecode.c.h; fileEncoding = 30; name = LinuxPrereqs.h; path = ../../../addons/ofxGamepad/libs/wgois/include/linux/LinuxPrereqs.h; sourceTree = SOURCE_ROOT; };
		ACEF60860C401D7F5876913C /* OISInterface.h */ = {isa = PBXFileReference; explicitFileType = sourcecode.c.h; fileEncoding = 30; name = OISInterface.h; path = ../../../addons/ofxGamepad/libs/wgois/include/OISInterface.h; sourceTree = SOURCE_ROOT; };
		AE75A3FBA2C2D87D14F06FE6 /* ObjectFinder.cpp */ = {isa = PBXFileReference; explicitFileType = sourcecode.cpp.cpp; fileEncoding = 30; name = ObjectFinder.cpp; path = ../../../addons/ofxCv/libs/ofxCv/src/ObjectFinder.cpp; sourceTree = SOURCE_ROOT; };
		B047FF96258DC01792B272DB /* ETF.cpp */ = {isa = PBXFileReference; explicitFileType = sourcecode.cpp.cpp; fileEncoding = 30; name = ETF.cpp; path = ../../../addons/ofxCv/libs/CLD/src/ETF.cpp; sourceTree = SOURCE_ROOT; };
		B87C60311EC1FE841C1ECD89 /* ofxLabel.h */ = {isa = PBXFileReference; explicitFileType = sourcecode.c.h; fileEncoding = 30; name = ofxLabel.h; path = ../../../addons/ofxGui/src/ofxLabel.h; sourceTree = SOURCE_ROOT; };
		B9076967F8C54A04362C04AA /* Helpers.cpp */ = {isa = PBXFileReference; explicitFileType = sourcecode.cpp.cpp; fileEncoding = 30; name = Helpers.cpp; path = ../../../addons/ofxCv/libs/ofxCv/src/Helpers.cpp; sourceTree = SOURCE_ROOT; };
		B9B954F8D356BFA730F2F622 /* ofxGamepad.h */ = {isa = PBXFileReference; explicitFileType = sourcecode.c.h; fileEncoding = 30; name = ofxGamepad.h; path = ../../../addons/ofxGamepad/src/ofxGamepad.h; sourceTree = SOURCE_ROOT; };
		BBAB23BE13894E4700AA2426 /* GLUT.framework */ = {isa = PBXFileReference; lastKnownFileType = wrapper.framework; name = GLUT.framework; path = ../../../libs/glut/lib/osx/GLUT.framework; sourceTree = "<group>"; };
		C70D8946940288799E82131E /* ofxSliderGroup.h */ = {isa = PBXFileReference; explicitFileType = sourcecode.c.h; fileEncoding = 30; name = ofxSliderGroup.h; path = ../../../addons/ofxGui/src/ofxSliderGroup.h; sourceTree = SOURCE_ROOT; };
		C88333E71C9457E441C33474 /* ofxButton.cpp */ = {isa = PBXFileReference; explicitFileType = sourcecode.cpp.cpp; fileEncoding = 30; name = ofxButton.cpp; path = ../../../addons/ofxGui/src/ofxButton.cpp; sourceTree = SOURCE_ROOT; };
		CC455256CE0ECFE328853737 /* fdog.h */ = {isa = PBXFileReference; explicitFileType = sourcecode.c.h; fileEncoding = 30; name = fdog.h; path = ../../../addons/ofxCv/libs/CLD/include/CLD/fdog.h; sourceTree = SOURCE_ROOT; };
		CD6A83A201C54AEFA4F92EFC /* OISObject.h */ = {isa = PBXFileReference; explicitFileType = sourcecode.c.h; fileEncoding = 30; name = OISObject.h; path = ../../../addons/ofxGamepad/libs/wgois/include/OISObject.h; sourceTree = SOURCE_ROOT; };
		CE56DE3CBCB35E711B9C1991 /* LinuxForceFeedback.h */ = {isa = PBXFileReference; explicitFileType = sourcecode.c.h; fileEncoding = 30; name = LinuxForceFeedback.h; path = ../../../addons/ofxGamepad/libs/wgois/include/linux/LinuxForceFeedback.h; sourceTree = SOURCE_ROOT; };
		D29DD28C195CD81267F3C8A1 /* Distance.h */ = {isa = PBXFileReference; explicitFileType = sourcecode.c.h; fileEncoding = 30; name = Distance.h; path = ../../../addons/ofxCv/libs/ofxCv/include/ofxCv/Distance.h; sourceTree = SOURCE_ROOT; };
		D347FB65D19015303863922A /* Wrappers.cpp */ = {isa = PBXFileReference; explicitFileType = sourcecode.cpp.cpp; fileEncoding = 30; name = Wrappers.cpp; path = ../../../addons/ofxCv/libs/ofxCv/src/Wrappers.cpp; sourceTree = SOURCE_ROOT; };
		D4DDC483DAD2C0353077AF28 /* ofxVectorGraphics.h */ = {isa = PBXFileReference; explicitFileType = sourcecode.c.h; fileEncoding = 30; name = ofxVectorGraphics.h; path = ../../../addons/ofxVectorGraphics/src/ofxVectorGraphics.h; sourceTree = SOURCE_ROOT; };
		DB0CD4C938C079DCD67222FE /* imatrix.h */ = {isa = PBXFileReference; explicitFileType = sourcecode.c.h; fileEncoding = 30; name = imatrix.h; path = ../../../addons/ofxCv/libs/CLD/include/CLD/imatrix.h; sourceTree = SOURCE_ROOT; };
		DBBE9282DC8CDEDE9FF72941 /* ofxGamepadCamera.h */ = {isa = PBXFileReference; explicitFileType = sourcecode.c.h; fileEncoding = 30; name = ofxGamepadCamera.h; path = ../../../addons/ofxGamepad/src/ofxGamepadCamera.h; sourceTree = SOURCE_ROOT; };
		DE03DF8F2B155A9A8A32073F /* ofxGamepadLinux.h */ = {isa = PBXFileReference; explicitFileType = sourcecode.c.h; fileEncoding = 30; name = ofxGamepadLinux.h; path = ../../../addons/ofxGamepad/src/ofxGamepadLinux.h; sourceTree = SOURCE_ROOT; };
		E112B3AEBEA2C091BF2B40AE /* ofxPanel.cpp */ = {isa = PBXFileReference; explicitFileType = sourcecode.cpp.cpp; fileEncoding = 30; name = ofxPanel.cpp; path = ../../../addons/ofxGui/src/ofxPanel.cpp; sourceTree = SOURCE_ROOT; };
		E4328143138ABC890047C5CB /* openFrameworksLib.xcodeproj */ = {isa = PBXFileReference; lastKnownFileType = "wrapper.pb-project"; name = openFrameworksLib.xcodeproj; path = ../../../libs/openFrameworksCompiled/project/osx/openFrameworksLib.xcodeproj; sourceTree = SOURCE_ROOT; };
		E45BE9710E8CC7DD009D7055 /* AGL.framework */ = {isa = PBXFileReference; lastKnownFileType = wrapper.framework; name = AGL.framework; path = /System/Library/Frameworks/AGL.framework; sourceTree = "<absolute>"; };
		E45BE9720E8CC7DD009D7055 /* ApplicationServices.framework */ = {isa = PBXFileReference; lastKnownFileType = wrapper.framework; name = ApplicationServices.framework; path = /System/Library/Frameworks/ApplicationServices.framework; sourceTree = "<absolute>"; };
		E45BE9730E8CC7DD009D7055 /* AudioToolbox.framework */ = {isa = PBXFileReference; lastKnownFileType = wrapper.framework; name = AudioToolbox.framework; path = /System/Library/Frameworks/AudioToolbox.framework; sourceTree = "<absolute>"; };
		E45BE9750E8CC7DD009D7055 /* CoreAudio.framework */ = {isa = PBXFileReference; lastKnownFileType = wrapper.framework; name = CoreAudio.framework; path = /System/Library/Frameworks/CoreAudio.framework; sourceTree = "<absolute>"; };
		E45BE9760E8CC7DD009D7055 /* CoreFoundation.framework */ = {isa = PBXFileReference; lastKnownFileType = wrapper.framework; name = CoreFoundation.framework; path = /System/Library/Frameworks/CoreFoundation.framework; sourceTree = "<absolute>"; };
		E45BE9770E8CC7DD009D7055 /* CoreServices.framework */ = {isa = PBXFileReference; lastKnownFileType = wrapper.framework; name = CoreServices.framework; path = /System/Library/Frameworks/CoreServices.framework; sourceTree = "<absolute>"; };
		E45BE9790E8CC7DD009D7055 /* OpenGL.framework */ = {isa = PBXFileReference; lastKnownFileType = wrapper.framework; name = OpenGL.framework; path = /System/Library/Frameworks/OpenGL.framework; sourceTree = "<absolute>"; };
		E45BE97A0E8CC7DD009D7055 /* QuickTime.framework */ = {isa = PBXFileReference; lastKnownFileType = wrapper.framework; name = QuickTime.framework; path = /System/Library/Frameworks/QuickTime.framework; sourceTree = "<absolute>"; };
		E4B69B5B0A3A1756003C02F2 /* changeCourseDebug.app */ = {isa = PBXFileReference; explicitFileType = wrapper.application; includeInIndex = 0; path = changeCourseDebug.app; sourceTree = BUILT_PRODUCTS_DIR; };
		E4B69E1D0A3A1BDC003C02F2 /* main.cpp */ = {isa = PBXFileReference; fileEncoding = 30; lastKnownFileType = sourcecode.cpp.cpp; name = main.cpp; path = src/main.cpp; sourceTree = SOURCE_ROOT; };
		E4B69E1E0A3A1BDC003C02F2 /* ofApp.cpp */ = {isa = PBXFileReference; explicitFileType = sourcecode.cpp.cpp; fileEncoding = 30; name = ofApp.cpp; path = src/ofApp.cpp; sourceTree = SOURCE_ROOT; };
		E4B69E1F0A3A1BDC003C02F2 /* ofApp.h */ = {isa = PBXFileReference; fileEncoding = 30; lastKnownFileType = sourcecode.c.h; name = ofApp.h; path = src/ofApp.h; sourceTree = SOURCE_ROOT; };
		E4B6FCAD0C3E899E008CF71C /* openFrameworks-Info.plist */ = {isa = PBXFileReference; fileEncoding = 30; lastKnownFileType = text.plist.xml; path = "openFrameworks-Info.plist"; sourceTree = "<group>"; };
		E4C2424410CC5A17004149E2 /* AppKit.framework */ = {isa = PBXFileReference; lastKnownFileType = wrapper.framework; name = AppKit.framework; path = /System/Library/Frameworks/AppKit.framework; sourceTree = "<absolute>"; };
		E4C2424510CC5A17004149E2 /* Cocoa.framework */ = {isa = PBXFileReference; lastKnownFileType = wrapper.framework; name = Cocoa.framework; path = /System/Library/Frameworks/Cocoa.framework; sourceTree = "<absolute>"; };
		E4C2424610CC5A17004149E2 /* IOKit.framework */ = {isa = PBXFileReference; lastKnownFileType = wrapper.framework; name = IOKit.framework; path = /System/Library/Frameworks/IOKit.framework; sourceTree = "<absolute>"; };
		E4EB691F138AFCF100A09F29 /* CoreOF.xcconfig */ = {isa = PBXFileReference; fileEncoding = 4; lastKnownFileType = text.xcconfig; name = CoreOF.xcconfig; path = ../../../libs/openFrameworksCompiled/project/osx/CoreOF.xcconfig; sourceTree = SOURCE_ROOT; };
		E4EB6923138AFD0F00A09F29 /* Project.xcconfig */ = {isa = PBXFileReference; fileEncoding = 4; lastKnownFileType = text.xcconfig; path = Project.xcconfig; sourceTree = "<group>"; };
		E52A4CD6615F2B2DC04AAC73 /* Win32ForceFeedback.h */ = {isa = PBXFileReference; explicitFileType = sourcecode.c.h; fileEncoding = 30; name = Win32ForceFeedback.h; path = ../../../addons/ofxGamepad/libs/wgois/include/win32/Win32ForceFeedback.h; sourceTree = SOURCE_ROOT; };
		E6152246D2770497A71900F9 /* MacKeyboard.h */ = {isa = PBXFileReference; explicitFileType = sourcecode.c.h; fileEncoding = 30; name = MacKeyboard.h; path = ../../../addons/ofxGamepad/libs/wgois/include/mac/MacKeyboard.h; sourceTree = SOURCE_ROOT; };
		E73BB548E0E7E105EDE50B30 /* Win32JoyStick.h */ = {isa = PBXFileReference; explicitFileType = sourcecode.c.h; fileEncoding = 30; name = Win32JoyStick.h; path = ../../../addons/ofxGamepad/libs/wgois/include/win32/Win32JoyStick.h; sourceTree = SOURCE_ROOT; };
		E7D275CEC42CF5906CA88D44 /* ofxGamepadLinux.cpp */ = {isa = PBXFileReference; explicitFileType = sourcecode.cpp.cpp; fileEncoding = 30; name = ofxGamepadLinux.cpp; path = ../../../addons/ofxGamepad/src/ofxGamepadLinux.cpp; sourceTree = SOURCE_ROOT; };
		E7E077E415D3B63C0020DFD4 /* CoreVideo.framework */ = {isa = PBXFileReference; lastKnownFileType = wrapper.framework; name = CoreVideo.framework; path = /System/Library/Frameworks/CoreVideo.framework; sourceTree = "<absolute>"; };
		E7E077E715D3B6510020DFD4 /* QTKit.framework */ = {isa = PBXFileReference; lastKnownFileType = wrapper.framework; name = QTKit.framework; path = /System/Library/Frameworks/QTKit.framework; sourceTree = "<absolute>"; };
		E7F985F515E0DE99003869B5 /* Accelerate.framework */ = {isa = PBXFileReference; lastKnownFileType = wrapper.framework; name = Accelerate.framework; path = /System/Library/Frameworks/Accelerate.framework; sourceTree = "<absolute>"; };
		ECF8674C7975F1063C5E30CA /* ofxGuiGroup.cpp */ = {isa = PBXFileReference; explicitFileType = sourcecode.cpp.cpp; fileEncoding = 30; name = ofxGuiGroup.cpp; path = ../../../addons/ofxGui/src/ofxGuiGroup.cpp; sourceTree = SOURCE_ROOT; };
		F0299CC174D3AC75190E071E /* ofxGamepadHandler.h */ = {isa = PBXFileReference; explicitFileType = sourcecode.c.h; fileEncoding = 30; name = ofxGamepadHandler.h; path = ../../../addons/ofxGamepad/src/ofxGamepadHandler.h; sourceTree = SOURCE_ROOT; };
		F3C32677C12BD67CF9F8980E /* Kalman.h */ = {isa = PBXFileReference; explicitFileType = sourcecode.c.h; fileEncoding = 30; name = Kalman.h; path = ../../../addons/ofxCv/libs/ofxCv/include/ofxCv/Kalman.h; sourceTree = SOURCE_ROOT; };
		F43438F31A671EEF002C174E /* ofxCvBlob.h */ = {isa = PBXFileReference; lastKnownFileType = sourcecode.c.h; path = ofxCvBlob.h; sourceTree = "<group>"; };
		F43438F41A671EEF002C174E /* ofxCvColorImage.cpp */ = {isa = PBXFileReference; lastKnownFileType = sourcecode.cpp.cpp; path = ofxCvColorImage.cpp; sourceTree = "<group>"; };
		F43438F51A671EEF002C174E /* ofxCvColorImage.h */ = {isa = PBXFileReference; lastKnownFileType = sourcecode.c.h; path = ofxCvColorImage.h; sourceTree = "<group>"; };
		F43438F61A671EEF002C174E /* ofxCvConstants.h */ = {isa = PBXFileReference; lastKnownFileType = sourcecode.c.h; path = ofxCvConstants.h; sourceTree = "<group>"; };
		F43438F71A671EEF002C174E /* ofxCvContourFinder.cpp */ = {isa = PBXFileReference; lastKnownFileType = sourcecode.cpp.cpp; path = ofxCvContourFinder.cpp; sourceTree = "<group>"; };
		F43438F81A671EEF002C174E /* ofxCvContourFinder.h */ = {isa = PBXFileReference; lastKnownFileType = sourcecode.c.h; path = ofxCvContourFinder.h; sourceTree = "<group>"; };
		F43438F91A671EEF002C174E /* ofxCvFloatImage.cpp */ = {isa = PBXFileReference; lastKnownFileType = sourcecode.cpp.cpp; path = ofxCvFloatImage.cpp; sourceTree = "<group>"; };
		F43438FA1A671EEF002C174E /* ofxCvFloatImage.h */ = {isa = PBXFileReference; lastKnownFileType = sourcecode.c.h; path = ofxCvFloatImage.h; sourceTree = "<group>"; };
		F43438FB1A671EEF002C174E /* ofxCvGrayscaleImage.cpp */ = {isa = PBXFileReference; lastKnownFileType = sourcecode.cpp.cpp; path = ofxCvGrayscaleImage.cpp; sourceTree = "<group>"; };
		F43438FC1A671EEF002C174E /* ofxCvGrayscaleImage.h */ = {isa = PBXFileReference; lastKnownFileType = sourcecode.c.h; path = ofxCvGrayscaleImage.h; sourceTree = "<group>"; };
		F43438FD1A671EEF002C174E /* ofxCvHaarFinder.cpp */ = {isa = PBXFileReference; lastKnownFileType = sourcecode.cpp.cpp; path = ofxCvHaarFinder.cpp; sourceTree = "<group>"; };
		F43438FE1A671EEF002C174E /* ofxCvHaarFinder.h */ = {isa = PBXFileReference; lastKnownFileType = sourcecode.c.h; path = ofxCvHaarFinder.h; sourceTree = "<group>"; };
		F43438FF1A671EEF002C174E /* ofxCvImage.cpp */ = {isa = PBXFileReference; lastKnownFileType = sourcecode.cpp.cpp; path = ofxCvImage.cpp; sourceTree = "<group>"; };
		F43439001A671EEF002C174E /* ofxCvImage.h */ = {isa = PBXFileReference; lastKnownFileType = sourcecode.c.h; path = ofxCvImage.h; sourceTree = "<group>"; };
		F43439011A671EEF002C174E /* ofxCvShortImage.cpp */ = {isa = PBXFileReference; lastKnownFileType = sourcecode.cpp.cpp; path = ofxCvShortImage.cpp; sourceTree = "<group>"; };
		F43439021A671EEF002C174E /* ofxCvShortImage.h */ = {isa = PBXFileReference; lastKnownFileType = sourcecode.c.h; path = ofxCvShortImage.h; sourceTree = "<group>"; };
		F43439031A671EEF002C174E /* ofxOpenCv.h */ = {isa = PBXFileReference; lastKnownFileType = sourcecode.c.h; path = ofxOpenCv.h; sourceTree = "<group>"; };
		F43439081A671EEF002C174E /* cv.h */ = {isa = PBXFileReference; lastKnownFileType = sourcecode.c.h; path = cv.h; sourceTree = "<group>"; };
		F43439091A671EEF002C174E /* cv.hpp */ = {isa = PBXFileReference; lastKnownFileType = sourcecode.cpp.h; path = cv.hpp; sourceTree = "<group>"; };
		F434390A1A671EEF002C174E /* cvaux.h */ = {isa = PBXFileReference; lastKnownFileType = sourcecode.c.h; path = cvaux.h; sourceTree = "<group>"; };
		F434390B1A671EEF002C174E /* cvaux.hpp */ = {isa = PBXFileReference; lastKnownFileType = sourcecode.cpp.h; path = cvaux.hpp; sourceTree = "<group>"; };
		F434390C1A671EEF002C174E /* cvwimage.h */ = {isa = PBXFileReference; lastKnownFileType = sourcecode.c.h; path = cvwimage.h; sourceTree = "<group>"; };
		F434390D1A671EEF002C174E /* cxcore.h */ = {isa = PBXFileReference; lastKnownFileType = sourcecode.c.h; path = cxcore.h; sourceTree = "<group>"; };
		F434390E1A671EEF002C174E /* cxcore.hpp */ = {isa = PBXFileReference; lastKnownFileType = sourcecode.cpp.h; path = cxcore.hpp; sourceTree = "<group>"; };
		F434390F1A671EEF002C174E /* cxeigen.hpp */ = {isa = PBXFileReference; lastKnownFileType = sourcecode.cpp.h; path = cxeigen.hpp; sourceTree = "<group>"; };
		F43439101A671EEF002C174E /* cxmisc.h */ = {isa = PBXFileReference; lastKnownFileType = sourcecode.c.h; path = cxmisc.h; sourceTree = "<group>"; };
		F43439111A671EEF002C174E /* highgui.h */ = {isa = PBXFileReference; lastKnownFileType = sourcecode.c.h; path = highgui.h; sourceTree = "<group>"; };
		F43439121A671EEF002C174E /* ml.h */ = {isa = PBXFileReference; lastKnownFileType = sourcecode.c.h; path = ml.h; sourceTree = "<group>"; };
		F43439151A671EEF002C174E /* calib3d.hpp */ = {isa = PBXFileReference; lastKnownFileType = sourcecode.cpp.h; path = calib3d.hpp; sourceTree = "<group>"; };
		F43439171A671EEF002C174E /* contrib.hpp */ = {isa = PBXFileReference; lastKnownFileType = sourcecode.cpp.h; path = contrib.hpp; sourceTree = "<group>"; };
		F43439181A671EEF002C174E /* retina.hpp */ = {isa = PBXFileReference; lastKnownFileType = sourcecode.cpp.h; path = retina.hpp; sourceTree = "<group>"; };
		F434391A1A671EEF002C174E /* core.hpp */ = {isa = PBXFileReference; lastKnownFileType = sourcecode.cpp.h; path = core.hpp; sourceTree = "<group>"; };
		F434391B1A671EEF002C174E /* core_c.h */ = {isa = PBXFileReference; lastKnownFileType = sourcecode.c.h; path = core_c.h; sourceTree = "<group>"; };
		F434391C1A671EEF002C174E /* eigen.hpp */ = {isa = PBXFileReference; lastKnownFileType = sourcecode.cpp.h; path = eigen.hpp; sourceTree = "<group>"; };
		F434391D1A671EEF002C174E /* internal.hpp */ = {isa = PBXFileReference; lastKnownFileType = sourcecode.cpp.h; path = internal.hpp; sourceTree = "<group>"; };
		F434391E1A671EEF002C174E /* mat.hpp */ = {isa = PBXFileReference; lastKnownFileType = sourcecode.cpp.h; path = mat.hpp; sourceTree = "<group>"; };
		F434391F1A671EEF002C174E /* operations.hpp */ = {isa = PBXFileReference; lastKnownFileType = sourcecode.cpp.h; path = operations.hpp; sourceTree = "<group>"; };
		F43439201A671EEF002C174E /* types_c.h */ = {isa = PBXFileReference; lastKnownFileType = sourcecode.c.h; path = types_c.h; sourceTree = "<group>"; };
		F43439211A671EEF002C174E /* version.hpp */ = {isa = PBXFileReference; lastKnownFileType = sourcecode.cpp.h; path = version.hpp; sourceTree = "<group>"; };
		F43439221A671EEF002C174E /* wimage.hpp */ = {isa = PBXFileReference; lastKnownFileType = sourcecode.cpp.h; path = wimage.hpp; sourceTree = "<group>"; };
		F43439241A671EEF002C174E /* features2d.hpp */ = {isa = PBXFileReference; lastKnownFileType = sourcecode.cpp.h; path = features2d.hpp; sourceTree = "<group>"; };
		F43439261A671EEF002C174E /* all_indices.h */ = {isa = PBXFileReference; lastKnownFileType = sourcecode.c.h; path = all_indices.h; sourceTree = "<group>"; };
		F43439271A671EEF002C174E /* allocator.h */ = {isa = PBXFileReference; lastKnownFileType = sourcecode.c.h; path = allocator.h; sourceTree = "<group>"; };
		F43439281A671EEF002C174E /* any.h */ = {isa = PBXFileReference; lastKnownFileType = sourcecode.c.h; path = any.h; sourceTree = "<group>"; };
		F43439291A671EEF002C174E /* autotuned_index.h */ = {isa = PBXFileReference; lastKnownFileType = sourcecode.c.h; path = autotuned_index.h; sourceTree = "<group>"; };
		F434392A1A671EEF002C174E /* composite_index.h */ = {isa = PBXFileReference; lastKnownFileType = sourcecode.c.h; path = composite_index.h; sourceTree = "<group>"; };
		F434392B1A671EEF002C174E /* config.h */ = {isa = PBXFileReference; lastKnownFileType = sourcecode.c.h; path = config.h; sourceTree = "<group>"; };
		F434392C1A671EEF002C174E /* defines.h */ = {isa = PBXFileReference; lastKnownFileType = sourcecode.c.h; path = defines.h; sourceTree = "<group>"; };
		F434392D1A671EEF002C174E /* dist.h */ = {isa = PBXFileReference; lastKnownFileType = sourcecode.c.h; path = dist.h; sourceTree = "<group>"; };
		F434392E1A671EEF002C174E /* dummy.h */ = {isa = PBXFileReference; lastKnownFileType = sourcecode.c.h; path = dummy.h; sourceTree = "<group>"; };
		F434392F1A671EEF002C174E /* dynamic_bitset.h */ = {isa = PBXFileReference; lastKnownFileType = sourcecode.c.h; path = dynamic_bitset.h; sourceTree = "<group>"; };
		F43439301A671EEF002C174E /* flann.hpp */ = {isa = PBXFileReference; lastKnownFileType = sourcecode.cpp.h; path = flann.hpp; sourceTree = "<group>"; };
		F43439311A671EEF002C174E /* flann_base.hpp */ = {isa = PBXFileReference; lastKnownFileType = sourcecode.cpp.h; path = flann_base.hpp; sourceTree = "<group>"; };
		F43439321A671EEF002C174E /* general.h */ = {isa = PBXFileReference; lastKnownFileType = sourcecode.c.h; path = general.h; sourceTree = "<group>"; };
		F43439331A671EEF002C174E /* ground_truth.h */ = {isa = PBXFileReference; lastKnownFileType = sourcecode.c.h; path = ground_truth.h; sourceTree = "<group>"; };
		F43439341A671EEF002C174E /* hdf5.h */ = {isa = PBXFileReference; lastKnownFileType = sourcecode.c.h; path = hdf5.h; sourceTree = "<group>"; };
		F43439351A671EEF002C174E /* heap.h */ = {isa = PBXFileReference; lastKnownFileType = sourcecode.c.h; path = heap.h; sourceTree = "<group>"; };
		F43439361A671EEF002C174E /* hierarchical_clustering_index.h */ = {isa = PBXFileReference; lastKnownFileType = sourcecode.c.h; path = hierarchical_clustering_index.h; sourceTree = "<group>"; };
		F43439371A671EEF002C174E /* index_testing.h */ = {isa = PBXFileReference; lastKnownFileType = sourcecode.c.h; path = index_testing.h; sourceTree = "<group>"; };
		F43439381A671EEF002C174E /* kdtree_index.h */ = {isa = PBXFileReference; lastKnownFileType = sourcecode.c.h; path = kdtree_index.h; sourceTree = "<group>"; };
		F43439391A671EEF002C174E /* kdtree_single_index.h */ = {isa = PBXFileReference; lastKnownFileType = sourcecode.c.h; path = kdtree_single_index.h; sourceTree = "<group>"; };
		F434393A1A671EEF002C174E /* kmeans_index.h */ = {isa = PBXFileReference; lastKnownFileType = sourcecode.c.h; path = kmeans_index.h; sourceTree = "<group>"; };
		F434393B1A671EEF002C174E /* linear_index.h */ = {isa = PBXFileReference; lastKnownFileType = sourcecode.c.h; path = linear_index.h; sourceTree = "<group>"; };
		F434393C1A671EEF002C174E /* logger.h */ = {isa = PBXFileReference; lastKnownFileType = sourcecode.c.h; path = logger.h; sourceTree = "<group>"; };
		F434393D1A671EEF002C174E /* lsh_index.h */ = {isa = PBXFileReference; lastKnownFileType = sourcecode.c.h; path = lsh_index.h; sourceTree = "<group>"; };
		F434393E1A671EEF002C174E /* lsh_table.h */ = {isa = PBXFileReference; lastKnownFileType = sourcecode.c.h; path = lsh_table.h; sourceTree = "<group>"; };
		F434393F1A671EEF002C174E /* matrix.h */ = {isa = PBXFileReference; lastKnownFileType = sourcecode.c.h; path = matrix.h; sourceTree = "<group>"; };
		F43439401A671EEF002C174E /* miniflann.hpp */ = {isa = PBXFileReference; lastKnownFileType = sourcecode.cpp.h; path = miniflann.hpp; sourceTree = "<group>"; };
		F43439411A671EEF002C174E /* nn_index.h */ = {isa = PBXFileReference; lastKnownFileType = sourcecode.c.h; path = nn_index.h; sourceTree = "<group>"; };
		F43439421A671EEF002C174E /* object_factory.h */ = {isa = PBXFileReference; lastKnownFileType = sourcecode.c.h; path = object_factory.h; sourceTree = "<group>"; };
		F43439431A671EEF002C174E /* params.h */ = {isa = PBXFileReference; lastKnownFileType = sourcecode.c.h; path = params.h; sourceTree = "<group>"; };
		F43439441A671EEF002C174E /* random.h */ = {isa = PBXFileReference; lastKnownFileType = sourcecode.c.h; path = random.h; sourceTree = "<group>"; };
		F43439451A671EEF002C174E /* result_set.h */ = {isa = PBXFileReference; lastKnownFileType = sourcecode.c.h; path = result_set.h; sourceTree = "<group>"; };
		F43439461A671EEF002C174E /* sampling.h */ = {isa = PBXFileReference; lastKnownFileType = sourcecode.c.h; path = sampling.h; sourceTree = "<group>"; };
		F43439471A671EEF002C174E /* saving.h */ = {isa = PBXFileReference; lastKnownFileType = sourcecode.c.h; path = saving.h; sourceTree = "<group>"; };
		F43439481A671EEF002C174E /* simplex_downhill.h */ = {isa = PBXFileReference; lastKnownFileType = sourcecode.c.h; path = simplex_downhill.h; sourceTree = "<group>"; };
		F43439491A671EEF002C174E /* timer.h */ = {isa = PBXFileReference; lastKnownFileType = sourcecode.c.h; path = timer.h; sourceTree = "<group>"; };
		F434394B1A671EEF002C174E /* devmem2d.hpp */ = {isa = PBXFileReference; lastKnownFileType = sourcecode.cpp.h; path = devmem2d.hpp; sourceTree = "<group>"; };
		F434394C1A671EEF002C174E /* gpu.hpp */ = {isa = PBXFileReference; lastKnownFileType = sourcecode.cpp.h; path = gpu.hpp; sourceTree = "<group>"; };
		F434394D1A671EEF002C174E /* gpumat.hpp */ = {isa = PBXFileReference; lastKnownFileType = sourcecode.cpp.h; path = gpumat.hpp; sourceTree = "<group>"; };
		F434394E1A671EEF002C174E /* matrix_operations.hpp */ = {isa = PBXFileReference; lastKnownFileType = sourcecode.cpp.h; path = matrix_operations.hpp; sourceTree = "<group>"; };
		F434394F1A671EEF002C174E /* stream_accessor.hpp */ = {isa = PBXFileReference; lastKnownFileType = sourcecode.cpp.h; path = stream_accessor.hpp; sourceTree = "<group>"; };
		F43439511A671EEF002C174E /* highgui.hpp */ = {isa = PBXFileReference; lastKnownFileType = sourcecode.cpp.h; path = highgui.hpp; sourceTree = "<group>"; };
		F43439521A671EEF002C174E /* highgui_c.h */ = {isa = PBXFileReference; lastKnownFileType = sourcecode.c.h; path = highgui_c.h; sourceTree = "<group>"; };
		F43439541A671EEF002C174E /* imgproc.hpp */ = {isa = PBXFileReference; lastKnownFileType = sourcecode.cpp.h; path = imgproc.hpp; sourceTree = "<group>"; };
		F43439551A671EEF002C174E /* imgproc_c.h */ = {isa = PBXFileReference; lastKnownFileType = sourcecode.c.h; path = imgproc_c.h; sourceTree = "<group>"; };
		F43439561A671EEF002C174E /* types_c.h */ = {isa = PBXFileReference; lastKnownFileType = sourcecode.c.h; path = types_c.h; sourceTree = "<group>"; };
		F43439581A671EEF002C174E /* blobtrack.hpp */ = {isa = PBXFileReference; lastKnownFileType = sourcecode.cpp.h; path = blobtrack.hpp; sourceTree = "<group>"; };
		F43439591A671EEF002C174E /* compat.hpp */ = {isa = PBXFileReference; lastKnownFileType = sourcecode.cpp.h; path = compat.hpp; sourceTree = "<group>"; };
		F434395A1A671EEF002C174E /* legacy.hpp */ = {isa = PBXFileReference; lastKnownFileType = sourcecode.cpp.h; path = legacy.hpp; sourceTree = "<group>"; };
		F434395B1A671EEF002C174E /* streams.hpp */ = {isa = PBXFileReference; lastKnownFileType = sourcecode.cpp.h; path = streams.hpp; sourceTree = "<group>"; };
		F434395D1A671EEF002C174E /* ml.hpp */ = {isa = PBXFileReference; lastKnownFileType = sourcecode.cpp.h; path = ml.hpp; sourceTree = "<group>"; };
		F434395F1A671EEF002C174E /* objdetect.hpp */ = {isa = PBXFileReference; lastKnownFileType = sourcecode.cpp.h; path = objdetect.hpp; sourceTree = "<group>"; };
		F43439601A671EEF002C174E /* opencv.hpp */ = {isa = PBXFileReference; lastKnownFileType = sourcecode.cpp.h; path = opencv.hpp; sourceTree = "<group>"; };
		F43439621A671EEF002C174E /* ts.hpp */ = {isa = PBXFileReference; lastKnownFileType = sourcecode.cpp.h; path = ts.hpp; sourceTree = "<group>"; };
		F43439631A671EEF002C174E /* ts_gtest.h */ = {isa = PBXFileReference; lastKnownFileType = sourcecode.c.h; path = ts_gtest.h; sourceTree = "<group>"; };
		F43439651A671EEF002C174E /* background_segm.hpp */ = {isa = PBXFileReference; lastKnownFileType = sourcecode.cpp.h; path = background_segm.hpp; sourceTree = "<group>"; };
		F43439661A671EEF002C174E /* tracking.hpp */ = {isa = PBXFileReference; lastKnownFileType = sourcecode.cpp.h; path = tracking.hpp; sourceTree = "<group>"; };
		F43439671A671EEF002C174E /* video.hpp */ = {isa = PBXFileReference; lastKnownFileType = sourcecode.cpp.h; path = video.hpp; sourceTree = "<group>"; };
		F434396A1A671EEF002C174E /* opencv.a */ = {isa = PBXFileReference; lastKnownFileType = archive.ar; path = opencv.a; sourceTree = "<group>"; };
		F43439731A672BD4002C174E /* trackSegment.cpp */ = {isa = PBXFileReference; fileEncoding = 4; lastKnownFileType = sourcecode.cpp.cpp; path = trackSegment.cpp; sourceTree = "<group>"; };
		F43439741A672BD4002C174E /* trackSegment.h */ = {isa = PBXFileReference; fileEncoding = 4; lastKnownFileType = sourcecode.c.h; path = trackSegment.h; sourceTree = "<group>"; };
		FC5665461DF9211A8FB4AE83 /* ofxGamepadOIS.cpp */ = {isa = PBXFileReference; explicitFileType = sourcecode.cpp.cpp; fileEncoding = 30; name = ofxGamepadOIS.cpp; path = ../../../addons/ofxGamepad/src/ofxGamepadOIS.cpp; sourceTree = SOURCE_ROOT; };
		FE15469185A3A49FEC9D2292 /* myvec.h */ = {isa = PBXFileReference; explicitFileType = sourcecode.c.h; fileEncoding = 30; name = myvec.h; path = ../../../addons/ofxCv/libs/CLD/include/CLD/myvec.h; sourceTree = SOURCE_ROOT; };
		FEDD2BE696CAB3D245F8279A /* MacInputManager.h */ = {isa = PBXFileReference; explicitFileType = sourcecode.c.h; fileEncoding = 30; name = MacInputManager.h; path = ../../../addons/ofxGamepad/libs/wgois/include/mac/MacInputManager.h; sourceTree = SOURCE_ROOT; };
/* End PBXFileReference section */

/* Begin PBXFrameworksBuildPhase section */
		E4B69B590A3A1756003C02F2 /* Frameworks */ = {
			isa = PBXFrameworksBuildPhase;
			buildActionMask = 2147483647;
			files = (
				E7F985F815E0DEA3003869B5 /* Accelerate.framework in Frameworks */,
				E7E077E815D3B6510020DFD4 /* QTKit.framework in Frameworks */,
				E4EB6799138ADC1D00A09F29 /* GLUT.framework in Frameworks */,
				E4328149138ABC9F0047C5CB /* openFrameworksDebug.a in Frameworks */,
				E45BE97B0E8CC7DD009D7055 /* AGL.framework in Frameworks */,
				E45BE97C0E8CC7DD009D7055 /* ApplicationServices.framework in Frameworks */,
				E45BE97D0E8CC7DD009D7055 /* AudioToolbox.framework in Frameworks */,
				E45BE97F0E8CC7DD009D7055 /* CoreAudio.framework in Frameworks */,
				E45BE9800E8CC7DD009D7055 /* CoreFoundation.framework in Frameworks */,
				E45BE9810E8CC7DD009D7055 /* CoreServices.framework in Frameworks */,
				E45BE9830E8CC7DD009D7055 /* OpenGL.framework in Frameworks */,
				E45BE9840E8CC7DD009D7055 /* QuickTime.framework in Frameworks */,
				E4C2424710CC5A17004149E2 /* AppKit.framework in Frameworks */,
				E4C2424810CC5A17004149E2 /* Cocoa.framework in Frameworks */,
				F43439721A671EEF002C174E /* opencv.a in Frameworks */,
				E4C2424910CC5A17004149E2 /* IOKit.framework in Frameworks */,
				E7E077E515D3B63C0020DFD4 /* CoreVideo.framework in Frameworks */,
			);
			runOnlyForDeploymentPostprocessing = 0;
		};
/* End PBXFrameworksBuildPhase section */

/* Begin PBXGroup section */
		0F437E4761003E66B16524BE /* libs */ = {
			isa = PBXGroup;
			children = (
				34BF591C646B5F6EF968D620 /* CreEPS.cpp */,
				A852AD3A75FDFD790A24855A /* CreEPS.hpp */,
				11D7A477920A2054FD49C2D2 /* CreEPS_Types.hpp */,
			);
			name = libs;
			sourceTree = "<group>";
		};
		12C4301E754751A1A30266BD /* ofxGamepad */ = {
			isa = PBXGroup;
			children = (
				AA5A0E980C6FC3087988A654 /* src */,
				AD284675AD054D07CBFDF540 /* libs */,
			);
			name = ofxGamepad;
			sourceTree = "<group>";
		};
		13C72B31738CA9F68523CB1C /* include */ = {
			isa = PBXGroup;
			children = (
				4EB038C7DF921AA8A4070286 /* ofxCv */,
			);
			name = include;
			sourceTree = "<group>";
		};
		37CF39B443ACB0F86B1351ED /* src */ = {
			isa = PBXGroup;
			children = (
				B047FF96258DC01792B272DB /* ETF.cpp */,
				A2D8249D46647E3C51769CDE /* fdog.cpp */,
			);
			name = src;
			sourceTree = "<group>";
		};
		3801B04C72ADFE74ED284693 /* src */ = {
			isa = PBXGroup;
			children = (
				318ABED90EADFB757FFDCCAF /* ofxVectorGraphics.cpp */,
				D4DDC483DAD2C0353077AF28 /* ofxVectorGraphics.h */,
			);
			name = src;
			sourceTree = "<group>";
		};
		45591C11B7434576DF6996B4 /* include */ = {
			isa = PBXGroup;
			children = (
				FEA273413D5AFD9607F56ABE /* CLD */,
			);
			name = include;
			sourceTree = "<group>";
		};
		480A780D8D0308AE4A368801 /* ofxGui */ = {
			isa = PBXGroup;
			children = (
				A763ED608B35AE3310251DEE /* src */,
			);
			name = ofxGui;
			sourceTree = "<group>";
		};
		4EB038C7DF921AA8A4070286 /* ofxCv */ = {
			isa = PBXGroup;
			children = (
				58140E0F92D37844E9C8883D /* Calibration.h */,
				178547E33CE398C7B59F08AB /* ContourFinder.h */,
				D29DD28C195CD81267F3C8A1 /* Distance.h */,
				8326CDEDA153D242D924D2B6 /* Flow.h */,
				8738DE90218B1E9054A88B54 /* Helpers.h */,
				F3C32677C12BD67CF9F8980E /* Kalman.h */,
				4524C0ED0C2DD3E085CE3350 /* ObjectFinder.h */,
				6B3CDFD1A15E92F074E7D5AE /* RunningBackground.h */,
				70046E043EDDB466ED625C3B /* Tracker.h */,
				84D3470A12DEE51F320224AC /* Utilities.h */,
				73157AAE32787C63313C7D8E /* Wrappers.h */,
			);
			name = ofxCv;
			sourceTree = "<group>";
		};
		5A4D082C0A5ED3937930B6B4 /* wgois */ = {
			isa = PBXGroup;
			children = (
				DCF26562E1A2CEE53248F155 /* include */,
			);
			name = wgois;
			sourceTree = "<group>";
		};
		6025FAF6414C2CA589764D26 /* ofxCv */ = {
			isa = PBXGroup;
			children = (
				873F2BD1A608B2DE7BC81AFB /* src */,
				90D509C72729D1998E28A98F /* libs */,
			);
			name = ofxCv;
			sourceTree = "<group>";
		};
		720219A8C68EC508A2047F0D /* mac */ = {
			isa = PBXGroup;
			children = (
				5D9C361DAFF4970D1C636923 /* MacHelpers.h */,
				6BBC0670A01F40F117418426 /* MacHIDManager.h */,
				FEDD2BE696CAB3D245F8279A /* MacInputManager.h */,
				2B6E08AE010A7A8F52671439 /* MacJoyStick.h */,
				E6152246D2770497A71900F9 /* MacKeyboard.h */,
				7CF04C9D2CA53AFEFD8D9A29 /* MacMouse.h */,
				982C81B416018ED99E0E0EFF /* MacPrereqs.h */,
			);
			name = mac;
			sourceTree = "<group>";
		};
		7CC1E591490DB083FB916812 /* CLD */ = {
			isa = PBXGroup;
			children = (
				45591C11B7434576DF6996B4 /* include */,
				37CF39B443ACB0F86B1351ED /* src */,
			);
			name = CLD;
			sourceTree = "<group>";
		};
		85961BEC127E2550AA7756C9 /* ofxCv */ = {
			isa = PBXGroup;
			children = (
				13C72B31738CA9F68523CB1C /* include */,
				D240A1DD1AE9F8E81BDBCD2B /* src */,
			);
			name = ofxCv;
			sourceTree = "<group>";
		};
		873F2BD1A608B2DE7BC81AFB /* src */ = {
			isa = PBXGroup;
			children = (
				325BD94FFB93161BBC68336E /* ofxCv.h */,
			);
			name = src;
			sourceTree = "<group>";
		};
		90D509C72729D1998E28A98F /* libs */ = {
			isa = PBXGroup;
			children = (
				7CC1E591490DB083FB916812 /* CLD */,
				85961BEC127E2550AA7756C9 /* ofxCv */,
			);
			name = libs;
			sourceTree = "<group>";
		};
		916B8DF9E7519F5BB8A2990B /* ofxVectorGraphics */ = {
			isa = PBXGroup;
			children = (
				3801B04C72ADFE74ED284693 /* src */,
				0F437E4761003E66B16524BE /* libs */,
			);
			name = ofxVectorGraphics;
			sourceTree = "<group>";
		};
		A763ED608B35AE3310251DEE /* src */ = {
			isa = PBXGroup;
			children = (
				9604B925D32EE39065747725 /* ofxBaseGui.cpp */,
				87F26B4B24CBD428AD9EEBAA /* ofxBaseGui.h */,
				C88333E71C9457E441C33474 /* ofxButton.cpp */,
				2834D88A62CD23F3DE2C47D1 /* ofxButton.h */,
				17E65988300FBD9AAA2CD0CA /* ofxGui.h */,
				ECF8674C7975F1063C5E30CA /* ofxGuiGroup.cpp */,
				1C0DA2561397A7DE0246858B /* ofxGuiGroup.h */,
				78D67A00EB899FAC09430597 /* ofxLabel.cpp */,
				B87C60311EC1FE841C1ECD89 /* ofxLabel.h */,
				E112B3AEBEA2C091BF2B40AE /* ofxPanel.cpp */,
				89449E3044D456F7DE7BEA14 /* ofxPanel.h */,
				15F2C6477A769C03A56D1401 /* ofxSlider.cpp */,
				52AFA1F08C420992CAAAE648 /* ofxSlider.h */,
				802251BAF1B35B1D67B32FD0 /* ofxSliderGroup.cpp */,
				C70D8946940288799E82131E /* ofxSliderGroup.h */,
				907C5B5E104864A2D3A25745 /* ofxToggle.cpp */,
				0A1DAC09F322AE313A40706D /* ofxToggle.h */,
			);
			name = src;
			sourceTree = "<group>";
		};
		AA5A0E980C6FC3087988A654 /* src */ = {
			isa = PBXGroup;
			children = (
				2CA5C50FE8BD154B05014D2E /* ofxGamepad.cpp */,
				B9B954F8D356BFA730F2F622 /* ofxGamepad.h */,
				598E3F6FD9FA604FB8B95B27 /* ofxGamepadCamera.cpp */,
				DBBE9282DC8CDEDE9FF72941 /* ofxGamepadCamera.h */,
				8F135DC7449671009025F58C /* ofxGamepadConfigs.h */,
				57751ED3A944BF55EB9C9302 /* ofxGamepadHandler.cpp */,
				F0299CC174D3AC75190E071E /* ofxGamepadHandler.h */,
				E7D275CEC42CF5906CA88D44 /* ofxGamepadLinux.cpp */,
				DE03DF8F2B155A9A8A32073F /* ofxGamepadLinux.h */,
				FC5665461DF9211A8FB4AE83 /* ofxGamepadOIS.cpp */,
				91C3D774602C3F6B442C901E /* ofxGamepadOIS.h */,
			);
			name = src;
			sourceTree = "<group>";
		};
		AD284675AD054D07CBFDF540 /* libs */ = {
			isa = PBXGroup;
			children = (
				5A4D082C0A5ED3937930B6B4 /* wgois */,
			);
			name = libs;
			sourceTree = "<group>";
		};
		BB4B014C10F69532006C3DED /* addons */ = {
			isa = PBXGroup;
			children = (
				F43438F11A671EEF002C174E /* ofxOpenCv */,
				480A780D8D0308AE4A368801 /* ofxGui */,
				916B8DF9E7519F5BB8A2990B /* ofxVectorGraphics */,
				6025FAF6414C2CA589764D26 /* ofxCv */,
				12C4301E754751A1A30266BD /* ofxGamepad */,
			);
			name = addons;
			sourceTree = "<group>";
		};
		BBAB23C913894ECA00AA2426 /* system frameworks */ = {
			isa = PBXGroup;
			children = (
				E7F985F515E0DE99003869B5 /* Accelerate.framework */,
				E4C2424410CC5A17004149E2 /* AppKit.framework */,
				E4C2424510CC5A17004149E2 /* Cocoa.framework */,
				E4C2424610CC5A17004149E2 /* IOKit.framework */,
				E45BE9710E8CC7DD009D7055 /* AGL.framework */,
				E45BE9720E8CC7DD009D7055 /* ApplicationServices.framework */,
				E45BE9730E8CC7DD009D7055 /* AudioToolbox.framework */,
				E45BE9750E8CC7DD009D7055 /* CoreAudio.framework */,
				E45BE9760E8CC7DD009D7055 /* CoreFoundation.framework */,
				E45BE9770E8CC7DD009D7055 /* CoreServices.framework */,
				E45BE9790E8CC7DD009D7055 /* OpenGL.framework */,
				E45BE97A0E8CC7DD009D7055 /* QuickTime.framework */,
				E7E077E415D3B63C0020DFD4 /* CoreVideo.framework */,
				E7E077E715D3B6510020DFD4 /* QTKit.framework */,
			);
			name = "system frameworks";
			sourceTree = "<group>";
		};
		BBAB23CA13894EDB00AA2426 /* 3rd party frameworks */ = {
			isa = PBXGroup;
			children = (
				BBAB23BE13894E4700AA2426 /* GLUT.framework */,
			);
			name = "3rd party frameworks";
			sourceTree = "<group>";
		};
		C52EDD68B7BDECF8D8D177EC /* win32 */ = {
			isa = PBXGroup;
			children = (
				E52A4CD6615F2B2DC04AAC73 /* Win32ForceFeedback.h */,
				778210F4AE0A2FE553D6FDEB /* Win32InputManager.h */,
				E73BB548E0E7E105EDE50B30 /* Win32JoyStick.h */,
				52BBC11098DAA003FDE79F4D /* Win32KeyBoard.h */,
				115B8091605FA9119BD559BA /* Win32Mouse.h */,
				308FE33C150AC27A54156718 /* Win32Prereqs.h */,
			);
			name = win32;
			sourceTree = "<group>";
		};
		C5360025CF5E67DAAD224B6A /* linux */ = {
			isa = PBXGroup;
			children = (
				289D23B52493F93798C687DC /* EventHelpers.h */,
				CE56DE3CBCB35E711B9C1991 /* LinuxForceFeedback.h */,
				507C768F83E80F2D980DAFD1 /* LinuxInputManager.h */,
				8EBD531D4D2A9F5DAF1702F5 /* LinuxJoyStickEvents.h */,
				7ED4B6516D30EAEC5C2F9720 /* LinuxKeyboard.h */,
				55CF7089308EAFFF871F4627 /* LinuxMouse.h */,
				AA8E7AABD7D511F7971343E8 /* LinuxPrereqs.h */,
			);
			name = linux;
			sourceTree = "<group>";
		};
		D240A1DD1AE9F8E81BDBCD2B /* src */ = {
			isa = PBXGroup;
			children = (
				402C8F4015542356D362AC88 /* Calibration.cpp */,
				5FBB4A8427353AED09174BE5 /* ContourFinder.cpp */,
				9DBD717072C35D324E101669 /* Distance.cpp */,
				03A75A648BC4CF1D9DEDD0CE /* Flow.cpp */,
				B9076967F8C54A04362C04AA /* Helpers.cpp */,
				77A1A692522820F935B58762 /* Kalman.cpp */,
				AE75A3FBA2C2D87D14F06FE6 /* ObjectFinder.cpp */,
				5CBF6AED6A17AC0C17F63CC4 /* RunningBackground.cpp */,
				A810DF70319A10353588F5DB /* Tracker.cpp */,
				6CEC50DB3D06414010233963 /* Utilities.cpp */,
				D347FB65D19015303863922A /* Wrappers.cpp */,
			);
			name = src;
			sourceTree = "<group>";
		};
		DCF26562E1A2CEE53248F155 /* include */ = {
			isa = PBXGroup;
			children = (
				C5360025CF5E67DAAD224B6A /* linux */,
				720219A8C68EC508A2047F0D /* mac */,
				73C8E6D96131FD5F50B07549 /* OIS.h */,
				41BAFB404BFAB233C0EF2229 /* OISConfig.h */,
				2C232993186ADD81E60EFD70 /* OISEffect.h */,
				8760F730B895921E82D89F2C /* OISEvents.h */,
				400267F52EF205E46E46032A /* OISException.h */,
				08D3F505111C33F24A95EE34 /* OISFactoryCreator.h */,
				A644CDF2ECC6D52E53277524 /* OISForceFeedback.h */,
				96BF8BE9BF4F78B480FAE323 /* OISInputManager.h */,
				ACEF60860C401D7F5876913C /* OISInterface.h */,
				068B7A1248FCF7D5888C8ECE /* OISJoyStick.h */,
				12E52F1A9FB9919C7461754E /* OISKeyboard.h */,
				422C1858C62E3E94F30FD023 /* OISMouse.h */,
				12DDB56ED07C76BE077A61F9 /* OISMultiTouch.h */,
				CD6A83A201C54AEFA4F92EFC /* OISObject.h */,
				15280807AE4C24AD98EC5727 /* OISPrereqs.h */,
				C52EDD68B7BDECF8D8D177EC /* win32 */,
			);
			name = include;
			sourceTree = "<group>";
		};
		E4328144138ABC890047C5CB /* Products */ = {
			isa = PBXGroup;
			children = (
				E4328148138ABC890047C5CB /* openFrameworksDebug.a */,
			);
			name = Products;
			sourceTree = "<group>";
		};
		E45BE5980E8CC70C009D7055 /* frameworks */ = {
			isa = PBXGroup;
			children = (
				BBAB23CA13894EDB00AA2426 /* 3rd party frameworks */,
				BBAB23C913894ECA00AA2426 /* system frameworks */,
			);
			name = frameworks;
			sourceTree = "<group>";
		};
		E4B69B4A0A3A1720003C02F2 = {
			isa = PBXGroup;
			children = (
				E4B6FCAD0C3E899E008CF71C /* openFrameworks-Info.plist */,
				E4EB6923138AFD0F00A09F29 /* Project.xcconfig */,
				E4B69E1C0A3A1BDC003C02F2 /* src */,
				E4EEC9E9138DF44700A80321 /* openFrameworks */,
				BB4B014C10F69532006C3DED /* addons */,
				E45BE5980E8CC70C009D7055 /* frameworks */,
				E4B69B5B0A3A1756003C02F2 /* changeCourseDebug.app */,
			);
			sourceTree = "<group>";
		};
		E4B69E1C0A3A1BDC003C02F2 /* src */ = {
			isa = PBXGroup;
			children = (
				E4B69E1D0A3A1BDC003C02F2 /* main.cpp */,
				E4B69E1E0A3A1BDC003C02F2 /* ofApp.cpp */,
				E4B69E1F0A3A1BDC003C02F2 /* ofApp.h */,
				F43439731A672BD4002C174E /* trackSegment.cpp */,
				F43439741A672BD4002C174E /* trackSegment.h */,
			);
			path = src;
			sourceTree = SOURCE_ROOT;
		};
		E4EEC9E9138DF44700A80321 /* openFrameworks */ = {
			isa = PBXGroup;
			children = (
				E4EB691F138AFCF100A09F29 /* CoreOF.xcconfig */,
				E4328143138ABC890047C5CB /* openFrameworksLib.xcodeproj */,
			);
			name = openFrameworks;
			sourceTree = "<group>";
		};
		F43438F11A671EEF002C174E /* ofxOpenCv */ = {
			isa = PBXGroup;
			children = (
				F43438F21A671EEF002C174E /* src */,
				F43439041A671EEF002C174E /* libs */,
			);
			name = ofxOpenCv;
			sourceTree = "<group>";
		};
		F43438F21A671EEF002C174E /* src */ = {
			isa = PBXGroup;
			children = (
				F43438F31A671EEF002C174E /* ofxCvBlob.h */,
				F43438F41A671EEF002C174E /* ofxCvColorImage.cpp */,
				F43438F51A671EEF002C174E /* ofxCvColorImage.h */,
				F43438F61A671EEF002C174E /* ofxCvConstants.h */,
				F43438F71A671EEF002C174E /* ofxCvContourFinder.cpp */,
				F43438F81A671EEF002C174E /* ofxCvContourFinder.h */,
				F43438F91A671EEF002C174E /* ofxCvFloatImage.cpp */,
				F43438FA1A671EEF002C174E /* ofxCvFloatImage.h */,
				F43438FB1A671EEF002C174E /* ofxCvGrayscaleImage.cpp */,
				F43438FC1A671EEF002C174E /* ofxCvGrayscaleImage.h */,
				F43438FD1A671EEF002C174E /* ofxCvHaarFinder.cpp */,
				F43438FE1A671EEF002C174E /* ofxCvHaarFinder.h */,
				F43438FF1A671EEF002C174E /* ofxCvImage.cpp */,
				F43439001A671EEF002C174E /* ofxCvImage.h */,
				F43439011A671EEF002C174E /* ofxCvShortImage.cpp */,
				F43439021A671EEF002C174E /* ofxCvShortImage.h */,
				F43439031A671EEF002C174E /* ofxOpenCv.h */,
			);
			name = src;
			path = "../../../../of_v0.8.2-RC1_osx_release/addons/ofxOpenCv/src";
			sourceTree = "<group>";
		};
		F43439041A671EEF002C174E /* libs */ = {
			isa = PBXGroup;
			children = (
				F43439051A671EEF002C174E /* opencv */,
			);
			name = libs;
			path = "../../../../of_v0.8.2-RC1_osx_release/addons/ofxOpenCv/libs";
			sourceTree = "<group>";
		};
		F43439051A671EEF002C174E /* opencv */ = {
			isa = PBXGroup;
			children = (
				F43439061A671EEF002C174E /* include */,
				F43439681A671EEF002C174E /* lib */,
			);
			path = opencv;
			sourceTree = "<group>";
		};
		F43439061A671EEF002C174E /* include */ = {
			isa = PBXGroup;
			children = (
				F43439071A671EEF002C174E /* opencv */,
				F43439131A671EEF002C174E /* opencv2 */,
			);
			path = include;
			sourceTree = "<group>";
		};
		F43439071A671EEF002C174E /* opencv */ = {
			isa = PBXGroup;
			children = (
				F43439081A671EEF002C174E /* cv.h */,
				F43439091A671EEF002C174E /* cv.hpp */,
				F434390A1A671EEF002C174E /* cvaux.h */,
				F434390B1A671EEF002C174E /* cvaux.hpp */,
				F434390C1A671EEF002C174E /* cvwimage.h */,
				F434390D1A671EEF002C174E /* cxcore.h */,
				F434390E1A671EEF002C174E /* cxcore.hpp */,
				F434390F1A671EEF002C174E /* cxeigen.hpp */,
				F43439101A671EEF002C174E /* cxmisc.h */,
				F43439111A671EEF002C174E /* highgui.h */,
				F43439121A671EEF002C174E /* ml.h */,
			);
			path = opencv;
			sourceTree = "<group>";
		};
		F43439131A671EEF002C174E /* opencv2 */ = {
			isa = PBXGroup;
			children = (
				F43439141A671EEF002C174E /* calib3d */,
				F43439161A671EEF002C174E /* contrib */,
				F43439191A671EEF002C174E /* core */,
				F43439231A671EEF002C174E /* features2d */,
				F43439251A671EEF002C174E /* flann */,
				F434394A1A671EEF002C174E /* gpu */,
				F43439501A671EEF002C174E /* highgui */,
				F43439531A671EEF002C174E /* imgproc */,
				F43439571A671EEF002C174E /* legacy */,
				F434395C1A671EEF002C174E /* ml */,
				F434395E1A671EEF002C174E /* objdetect */,
				F43439601A671EEF002C174E /* opencv.hpp */,
				F43439611A671EEF002C174E /* ts */,
				F43439641A671EEF002C174E /* video */,
			);
			path = opencv2;
			sourceTree = "<group>";
		};
		F43439141A671EEF002C174E /* calib3d */ = {
			isa = PBXGroup;
			children = (
				F43439151A671EEF002C174E /* calib3d.hpp */,
			);
			path = calib3d;
			sourceTree = "<group>";
		};
		F43439161A671EEF002C174E /* contrib */ = {
			isa = PBXGroup;
			children = (
				F43439171A671EEF002C174E /* contrib.hpp */,
				F43439181A671EEF002C174E /* retina.hpp */,
			);
			path = contrib;
			sourceTree = "<group>";
		};
		F43439191A671EEF002C174E /* core */ = {
			isa = PBXGroup;
			children = (
				F434391A1A671EEF002C174E /* core.hpp */,
				F434391B1A671EEF002C174E /* core_c.h */,
				F434391C1A671EEF002C174E /* eigen.hpp */,
				F434391D1A671EEF002C174E /* internal.hpp */,
				F434391E1A671EEF002C174E /* mat.hpp */,
				F434391F1A671EEF002C174E /* operations.hpp */,
				F43439201A671EEF002C174E /* types_c.h */,
				F43439211A671EEF002C174E /* version.hpp */,
				F43439221A671EEF002C174E /* wimage.hpp */,
			);
			path = core;
			sourceTree = "<group>";
		};
		F43439231A671EEF002C174E /* features2d */ = {
			isa = PBXGroup;
			children = (
				F43439241A671EEF002C174E /* features2d.hpp */,
			);
			path = features2d;
			sourceTree = "<group>";
		};
		F43439251A671EEF002C174E /* flann */ = {
			isa = PBXGroup;
			children = (
				F43439261A671EEF002C174E /* all_indices.h */,
				F43439271A671EEF002C174E /* allocator.h */,
				F43439281A671EEF002C174E /* any.h */,
				F43439291A671EEF002C174E /* autotuned_index.h */,
				F434392A1A671EEF002C174E /* composite_index.h */,
				F434392B1A671EEF002C174E /* config.h */,
				F434392C1A671EEF002C174E /* defines.h */,
				F434392D1A671EEF002C174E /* dist.h */,
				F434392E1A671EEF002C174E /* dummy.h */,
				F434392F1A671EEF002C174E /* dynamic_bitset.h */,
				F43439301A671EEF002C174E /* flann.hpp */,
				F43439311A671EEF002C174E /* flann_base.hpp */,
				F43439321A671EEF002C174E /* general.h */,
				F43439331A671EEF002C174E /* ground_truth.h */,
				F43439341A671EEF002C174E /* hdf5.h */,
				F43439351A671EEF002C174E /* heap.h */,
				F43439361A671EEF002C174E /* hierarchical_clustering_index.h */,
				F43439371A671EEF002C174E /* index_testing.h */,
				F43439381A671EEF002C174E /* kdtree_index.h */,
				F43439391A671EEF002C174E /* kdtree_single_index.h */,
				F434393A1A671EEF002C174E /* kmeans_index.h */,
				F434393B1A671EEF002C174E /* linear_index.h */,
				F434393C1A671EEF002C174E /* logger.h */,
				F434393D1A671EEF002C174E /* lsh_index.h */,
				F434393E1A671EEF002C174E /* lsh_table.h */,
				F434393F1A671EEF002C174E /* matrix.h */,
				F43439401A671EEF002C174E /* miniflann.hpp */,
				F43439411A671EEF002C174E /* nn_index.h */,
				F43439421A671EEF002C174E /* object_factory.h */,
				F43439431A671EEF002C174E /* params.h */,
				F43439441A671EEF002C174E /* random.h */,
				F43439451A671EEF002C174E /* result_set.h */,
				F43439461A671EEF002C174E /* sampling.h */,
				F43439471A671EEF002C174E /* saving.h */,
				F43439481A671EEF002C174E /* simplex_downhill.h */,
				F43439491A671EEF002C174E /* timer.h */,
			);
			path = flann;
			sourceTree = "<group>";
		};
		F434394A1A671EEF002C174E /* gpu */ = {
			isa = PBXGroup;
			children = (
				F434394B1A671EEF002C174E /* devmem2d.hpp */,
				F434394C1A671EEF002C174E /* gpu.hpp */,
				F434394D1A671EEF002C174E /* gpumat.hpp */,
				F434394E1A671EEF002C174E /* matrix_operations.hpp */,
				F434394F1A671EEF002C174E /* stream_accessor.hpp */,
			);
			path = gpu;
			sourceTree = "<group>";
		};
		F43439501A671EEF002C174E /* highgui */ = {
			isa = PBXGroup;
			children = (
				F43439511A671EEF002C174E /* highgui.hpp */,
				F43439521A671EEF002C174E /* highgui_c.h */,
			);
			path = highgui;
			sourceTree = "<group>";
		};
		F43439531A671EEF002C174E /* imgproc */ = {
			isa = PBXGroup;
			children = (
				F43439541A671EEF002C174E /* imgproc.hpp */,
				F43439551A671EEF002C174E /* imgproc_c.h */,
				F43439561A671EEF002C174E /* types_c.h */,
			);
			path = imgproc;
			sourceTree = "<group>";
		};
		F43439571A671EEF002C174E /* legacy */ = {
			isa = PBXGroup;
			children = (
				F43439581A671EEF002C174E /* blobtrack.hpp */,
				F43439591A671EEF002C174E /* compat.hpp */,
				F434395A1A671EEF002C174E /* legacy.hpp */,
				F434395B1A671EEF002C174E /* streams.hpp */,
			);
			path = legacy;
			sourceTree = "<group>";
		};
		F434395C1A671EEF002C174E /* ml */ = {
			isa = PBXGroup;
			children = (
				F434395D1A671EEF002C174E /* ml.hpp */,
			);
			path = ml;
			sourceTree = "<group>";
		};
		F434395E1A671EEF002C174E /* objdetect */ = {
			isa = PBXGroup;
			children = (
				F434395F1A671EEF002C174E /* objdetect.hpp */,
			);
			path = objdetect;
			sourceTree = "<group>";
		};
		F43439611A671EEF002C174E /* ts */ = {
			isa = PBXGroup;
			children = (
				F43439621A671EEF002C174E /* ts.hpp */,
				F43439631A671EEF002C174E /* ts_gtest.h */,
			);
			path = ts;
			sourceTree = "<group>";
		};
		F43439641A671EEF002C174E /* video */ = {
			isa = PBXGroup;
			children = (
				F43439651A671EEF002C174E /* background_segm.hpp */,
				F43439661A671EEF002C174E /* tracking.hpp */,
				F43439671A671EEF002C174E /* video.hpp */,
			);
			path = video;
			sourceTree = "<group>";
		};
		F43439681A671EEF002C174E /* lib */ = {
			isa = PBXGroup;
			children = (
				F43439691A671EEF002C174E /* osx */,
			);
			path = lib;
			sourceTree = "<group>";
		};
		F43439691A671EEF002C174E /* osx */ = {
			isa = PBXGroup;
			children = (
				F434396A1A671EEF002C174E /* opencv.a */,
			);
			path = osx;
			sourceTree = "<group>";
		};
		FEA273413D5AFD9607F56ABE /* CLD */ = {
			isa = PBXGroup;
			children = (
				820102E51B125101D727B3CC /* ETF.h */,
				CC455256CE0ECFE328853737 /* fdog.h */,
				DB0CD4C938C079DCD67222FE /* imatrix.h */,
				FE15469185A3A49FEC9D2292 /* myvec.h */,
			);
			name = CLD;
			sourceTree = "<group>";
		};
/* End PBXGroup section */

/* Begin PBXNativeTarget section */
		E4B69B5A0A3A1756003C02F2 /* changeCourse */ = {
			isa = PBXNativeTarget;
			buildConfigurationList = E4B69B5F0A3A1757003C02F2 /* Build configuration list for PBXNativeTarget "changeCourse" */;
			buildPhases = (
				E4B69B580A3A1756003C02F2 /* Sources */,
				E4B69B590A3A1756003C02F2 /* Frameworks */,
				E4B6FFFD0C3F9AB9008CF71C /* ShellScript */,
				E4C2427710CC5ABF004149E2 /* CopyFiles */,
			);
			buildRules = (
			);
			dependencies = (
				E4EEB9AC138B136A00A80321 /* PBXTargetDependency */,
			);
			name = changeCourse;
			productName = myOFApp;
			productReference = E4B69B5B0A3A1756003C02F2 /* changeCourseDebug.app */;
			productType = "com.apple.product-type.application";
		};
/* End PBXNativeTarget section */

/* Begin PBXProject section */
		E4B69B4C0A3A1720003C02F2 /* Project object */ = {
			isa = PBXProject;
			attributes = {
				LastUpgradeCheck = 0460;
			};
			buildConfigurationList = E4B69B4D0A3A1720003C02F2 /* Build configuration list for PBXProject "changeCourse" */;
			compatibilityVersion = "Xcode 3.2";
			developmentRegion = English;
			hasScannedForEncodings = 0;
			knownRegions = (
				English,
				Japanese,
				French,
				German,
			);
			mainGroup = E4B69B4A0A3A1720003C02F2;
			productRefGroup = E4B69B4A0A3A1720003C02F2;
			projectDirPath = "";
			projectReferences = (
				{
					ProductGroup = E4328144138ABC890047C5CB /* Products */;
					ProjectRef = E4328143138ABC890047C5CB /* openFrameworksLib.xcodeproj */;
				},
			);
			projectRoot = "";
			targets = (
				E4B69B5A0A3A1756003C02F2 /* changeCourse */,
			);
		};
/* End PBXProject section */

/* Begin PBXReferenceProxy section */
		E4328148138ABC890047C5CB /* openFrameworksDebug.a */ = {
			isa = PBXReferenceProxy;
			fileType = archive.ar;
			path = openFrameworksDebug.a;
			remoteRef = E4328147138ABC890047C5CB /* PBXContainerItemProxy */;
			sourceTree = BUILT_PRODUCTS_DIR;
		};
/* End PBXReferenceProxy section */

/* Begin PBXShellScriptBuildPhase section */
		E4B6FFFD0C3F9AB9008CF71C /* ShellScript */ = {
			isa = PBXShellScriptBuildPhase;
			buildActionMask = 2147483647;
			files = (
			);
			inputPaths = (
			);
			outputPaths = (
			);
			runOnlyForDeploymentPostprocessing = 0;
			shellPath = /bin/sh;
			shellScript = "cp -f ../../../libs/fmodex/lib/osx/libfmodex.dylib \"$TARGET_BUILD_DIR/$PRODUCT_NAME.app/Contents/MacOS/libfmodex.dylib\"; install_name_tool -change ./libfmodex.dylib @executable_path/libfmodex.dylib \"$TARGET_BUILD_DIR/$PRODUCT_NAME.app/Contents/MacOS/$PRODUCT_NAME\";\nmkdir -p \"$TARGET_BUILD_DIR/$PRODUCT_NAME.app/Contents/Resources/\"\ncp -f \"$ICON_FILE\" \"$TARGET_BUILD_DIR/$PRODUCT_NAME.app/Contents/Resources/\"\n";
		};
/* End PBXShellScriptBuildPhase section */

/* Begin PBXSourcesBuildPhase section */
		E4B69B580A3A1756003C02F2 /* Sources */ = {
			isa = PBXSourcesBuildPhase;
			buildActionMask = 2147483647;
			files = (
				E4B69E200A3A1BDC003C02F2 /* main.cpp in Sources */,
				E4B69E210A3A1BDC003C02F2 /* ofApp.cpp in Sources */,
				856AA354D08AB4B323081444 /* ofxBaseGui.cpp in Sources */,
				5CBB2AB3A60F65431D7B555D /* ofxButton.cpp in Sources */,
				B266578FC55D23BFEBC042E7 /* ofxGuiGroup.cpp in Sources */,
				483908258D00B98B4BE69F07 /* ofxLabel.cpp in Sources */,
				F285EB3169F1566CA3D93C20 /* ofxPanel.cpp in Sources */,
				837220E80EB56CD44AD27F2A /* ofxSlider.cpp in Sources */,
				F434396F1A671EEF002C174E /* ofxCvHaarFinder.cpp in Sources */,
				B56FE57CC35806596D38118C /* ofxSliderGroup.cpp in Sources */,
				1CD33E884D9E3358252E82A1 /* ofxToggle.cpp in Sources */,
				F43439751A672BD4002C174E /* trackSegment.cpp in Sources */,
				603044E656EA8D499FCF7DEA /* ofxVectorGraphics.cpp in Sources */,
				F43439711A671EEF002C174E /* ofxCvShortImage.cpp in Sources */,
				F01092BB147FA462845C38C7 /* CreEPS.cpp in Sources */,
				B6840996567E78436F7ECFAB /* ETF.cpp in Sources */,
				F76B4A79BD8DE4854141CB47 /* fdog.cpp in Sources */,
				EBCDE831EFAE08274E799C97 /* Calibration.cpp in Sources */,
				F434396C1A671EEF002C174E /* ofxCvContourFinder.cpp in Sources */,
				6AABAB39E82AF5CFEA23A205 /* ContourFinder.cpp in Sources */,
				45CC483A999BF1065A6B926C /* Distance.cpp in Sources */,
				5CC34D433F5806179935B89D /* Flow.cpp in Sources */,
				F43439701A671EEF002C174E /* ofxCvImage.cpp in Sources */,
				2023EF517ED2D8B397511D4B /* Helpers.cpp in Sources */,
				311DF864378748129984EA1D /* Kalman.cpp in Sources */,
				F434396D1A671EEF002C174E /* ofxCvFloatImage.cpp in Sources */,
				C602002DE761F9B52DB4400A /* ObjectFinder.cpp in Sources */,
				7CDAD32BE4FA46701E3552C7 /* RunningBackground.cpp in Sources */,
				10B69DE456AED1288FC9316B /* Tracker.cpp in Sources */,
				A6668C5B1272D7FCD5B5A16F /* Utilities.cpp in Sources */,
				F434396E1A671EEF002C174E /* ofxCvGrayscaleImage.cpp in Sources */,
				DBCB84A37F9AECC254870D79 /* Wrappers.cpp in Sources */,
				F434396B1A671EEF002C174E /* ofxCvColorImage.cpp in Sources */,
				CC31DA173FF109FFC257057C /* ofxGamepad.cpp in Sources */,
				CA0674ED872DC2F0706DF4EF /* ofxGamepadCamera.cpp in Sources */,
				EF00D09A7AA7C08FDC63ED88 /* ofxGamepadHandler.cpp in Sources */,
				0AABB941587518669B46B38A /* ofxGamepadLinux.cpp in Sources */,
				38488EE82DBBCC265EEAEFD2 /* ofxGamepadOIS.cpp in Sources */,
			);
			runOnlyForDeploymentPostprocessing = 0;
		};
/* End PBXSourcesBuildPhase section */

/* Begin PBXTargetDependency section */
		E4EEB9AC138B136A00A80321 /* PBXTargetDependency */ = {
			isa = PBXTargetDependency;
			name = openFrameworks;
			targetProxy = E4EEB9AB138B136A00A80321 /* PBXContainerItemProxy */;
		};
/* End PBXTargetDependency section */

/* Begin XCBuildConfiguration section */
		E4B69B4E0A3A1720003C02F2 /* Debug */ = {
			isa = XCBuildConfiguration;
			baseConfigurationReference = E4EB6923138AFD0F00A09F29 /* Project.xcconfig */;
			buildSettings = {
				ARCHS = "$(NATIVE_ARCH)";
				CONFIGURATION_BUILD_DIR = "$(SRCROOT)/bin/";
				COPY_PHASE_STRIP = NO;
				DEAD_CODE_STRIPPING = YES;
				GCC_AUTO_VECTORIZATION = YES;
				GCC_ENABLE_SSE3_EXTENSIONS = YES;
				GCC_ENABLE_SUPPLEMENTAL_SSE3_INSTRUCTIONS = YES;
				GCC_INLINES_ARE_PRIVATE_EXTERN = NO;
				GCC_OPTIMIZATION_LEVEL = 0;
				GCC_SYMBOLS_PRIVATE_EXTERN = NO;
				GCC_WARN_ABOUT_DEPRECATED_FUNCTIONS = YES;
				GCC_WARN_ABOUT_INVALID_OFFSETOF_MACRO = NO;
				GCC_WARN_ALLOW_INCOMPLETE_PROTOCOL = NO;
				GCC_WARN_UNINITIALIZED_AUTOS = NO;
				GCC_WARN_UNUSED_VALUE = NO;
				GCC_WARN_UNUSED_VARIABLE = NO;
				HEADER_SEARCH_PATHS = (
					"$(OF_CORE_HEADERS)",
					../../../addons/ofxGui/libs,
					../../../addons/ofxGui/src,
					../../../addons/ofxVectorGraphics/libs,
					../../../addons/ofxVectorGraphics/src,
					../../../addons/ofxCv/libs,
					../../../addons/ofxCv/libs/CLD,
					../../../addons/ofxCv/libs/CLD/include,
					../../../addons/ofxCv/libs/CLD/include/CLD,
					../../../addons/ofxCv/libs/CLD/src,
					../../../addons/ofxCv/libs/ofxCv,
					../../../addons/ofxCv/libs/ofxCv/include,
					../../../addons/ofxCv/libs/ofxCv/include/ofxCv,
					../../../addons/ofxCv/libs/ofxCv/src,
					../../../addons/ofxCv/src,
					../../../addons/ofxGamepad/libs,
					../../../addons/ofxGamepad/libs/wgois,
					../../../addons/ofxGamepad/libs/wgois/include,
					../../../addons/ofxGamepad/libs/wgois/include/linux,
					../../../addons/ofxGamepad/libs/wgois/include/mac,
					../../../addons/ofxGamepad/libs/wgois/include/win32,
					../../../addons/ofxGamepad/libs/wgois/lib,
					../../../addons/ofxGamepad/libs/wgois/lib/osx,
					../../../addons/ofxGamepad/libs/wgois/lib/vs2008,
					../../../addons/ofxGamepad/libs/wgois/lib/vs2010,
					../../../addons/ofxGamepad/src,
				);
				MACOSX_DEPLOYMENT_TARGET = 10.6;
				OTHER_CPLUSPLUSFLAGS = (
					"-D__MACOSX_CORE__",
					"-lpthread",
					"-mtune=native",
				);
				OTHER_LDFLAGS = (
					"$(OF_CORE_LIBS)",
					../../../addons/ofxGamepad/libs/wgois/lib/osx/libOIS.a,
				);
				SDKROOT = macosx;
			};
			name = Debug;
		};
		E4B69B4F0A3A1720003C02F2 /* Release */ = {
			isa = XCBuildConfiguration;
			baseConfigurationReference = E4EB6923138AFD0F00A09F29 /* Project.xcconfig */;
			buildSettings = {
				ARCHS = "$(NATIVE_ARCH)";
				CONFIGURATION_BUILD_DIR = "$(SRCROOT)/bin/";
				COPY_PHASE_STRIP = YES;
				DEAD_CODE_STRIPPING = YES;
				GCC_AUTO_VECTORIZATION = YES;
				GCC_ENABLE_SSE3_EXTENSIONS = YES;
				GCC_ENABLE_SUPPLEMENTAL_SSE3_INSTRUCTIONS = YES;
				GCC_INLINES_ARE_PRIVATE_EXTERN = NO;
				GCC_OPTIMIZATION_LEVEL = 3;
				GCC_SYMBOLS_PRIVATE_EXTERN = NO;
				GCC_UNROLL_LOOPS = YES;
				GCC_WARN_ABOUT_DEPRECATED_FUNCTIONS = YES;
				GCC_WARN_ABOUT_INVALID_OFFSETOF_MACRO = NO;
				GCC_WARN_ALLOW_INCOMPLETE_PROTOCOL = NO;
				GCC_WARN_UNINITIALIZED_AUTOS = NO;
				GCC_WARN_UNUSED_VALUE = NO;
				GCC_WARN_UNUSED_VARIABLE = NO;
				HEADER_SEARCH_PATHS = (
					"$(OF_CORE_HEADERS)",
					../../../addons/ofxGui/libs,
					../../../addons/ofxGui/src,
					../../../addons/ofxVectorGraphics/libs,
					../../../addons/ofxVectorGraphics/src,
					../../../addons/ofxCv/libs,
					../../../addons/ofxCv/libs/CLD,
					../../../addons/ofxCv/libs/CLD/include,
					../../../addons/ofxCv/libs/CLD/include/CLD,
					../../../addons/ofxCv/libs/CLD/src,
					../../../addons/ofxCv/libs/ofxCv,
					../../../addons/ofxCv/libs/ofxCv/include,
					../../../addons/ofxCv/libs/ofxCv/include/ofxCv,
					../../../addons/ofxCv/libs/ofxCv/src,
					../../../addons/ofxCv/src,
					../../../addons/ofxGamepad/libs,
					../../../addons/ofxGamepad/libs/wgois,
					../../../addons/ofxGamepad/libs/wgois/include,
					../../../addons/ofxGamepad/libs/wgois/include/linux,
					../../../addons/ofxGamepad/libs/wgois/include/mac,
					../../../addons/ofxGamepad/libs/wgois/include/win32,
					../../../addons/ofxGamepad/libs/wgois/lib,
					../../../addons/ofxGamepad/libs/wgois/lib/osx,
					../../../addons/ofxGamepad/libs/wgois/lib/vs2008,
					../../../addons/ofxGamepad/libs/wgois/lib/vs2010,
					../../../addons/ofxGamepad/src,
				);
				MACOSX_DEPLOYMENT_TARGET = 10.6;
				OTHER_CPLUSPLUSFLAGS = (
					"-D__MACOSX_CORE__",
					"-lpthread",
					"-mtune=native",
				);
				OTHER_LDFLAGS = (
					"$(OF_CORE_LIBS)",
					../../../addons/ofxGamepad/libs/wgois/lib/osx/libOIS.a,
				);
				SDKROOT = macosx;
			};
			name = Release;
		};
		E4B69B600A3A1757003C02F2 /* Debug */ = {
			isa = XCBuildConfiguration;
			buildSettings = {
				COMBINE_HIDPI_IMAGES = YES;
				COPY_PHASE_STRIP = NO;
				FRAMEWORK_SEARCH_PATHS = (
					"$(inherited)",
					"$(FRAMEWORK_SEARCH_PATHS_QUOTED_FOR_TARGET_1)",
				);
				FRAMEWORK_SEARCH_PATHS_QUOTED_FOR_TARGET_1 = "\"$(SRCROOT)/../../../libs/glut/lib/osx\"";
				GCC_DYNAMIC_NO_PIC = NO;
				GCC_GENERATE_DEBUGGING_SYMBOLS = YES;
				GCC_MODEL_TUNING = NONE;
				HEADER_SEARCH_PATHS = (
					"$(OF_CORE_HEADERS)",
					../../../addons/ofxOpenCv/libs,
					../../../addons/ofxOpenCv/libs/opencv,
					../../../addons/ofxOpenCv/libs/opencv/include,
					../../../addons/ofxOpenCv/libs/opencv/include/opencv,
					../../../addons/ofxOpenCv/libs/opencv/include/opencv2,
					../../../addons/ofxOpenCv/libs/opencv/lib/osx,
					../../../addons/ofxOpenCv/libs/opencv/lib,
					../../../addons/ofxOpenCv/src,
					../../../addons/ofxGui/libs,
					../../../addons/ofxGui/src,
					../../../addons/ofxVectorGraphics/libs,
					../../../addons/ofxVectorGraphics/src,
					../../../addons/ofxCv/libs,
					../../../addons/ofxCv/libs/CLD,
					../../../addons/ofxCv/libs/CLD/include,
					../../../addons/ofxCv/libs/CLD/include/CLD,
					../../../addons/ofxCv/libs/CLD/src,
					../../../addons/ofxCv/libs/ofxCv,
					../../../addons/ofxCv/libs/ofxCv/include/,
					../../../addons/ofxCv/libs/ofxCv/include/ofxCv,
					../../../addons/ofxCv/libs/ofxCv/src,
					../../../addons/ofxCv/src,
					../../../addons/ofxGamepad/libs,
					../../../addons/ofxGamepad/libs/wgois,
					../../../addons/ofxGamepad/libs/wgois/include,
					../../../addons/ofxGamepad/libs/wgois/include/linux,
					../../../addons/ofxGamepad/libs/wgois/include/mac,
					../../../addons/ofxGamepad/libs/wgois/include/win32,
					../../../addons/ofxGamepad/libs/wgois/lib,
					../../../addons/ofxGamepad/libs/wgois/lib/osx,
					../../../addons/ofxGamepad/libs/wgois/lib/vs2008,
					../../../addons/ofxGamepad/libs/wgois/lib/vs2010,
					../../../addons/ofxGamepad/src,
				);
				ICON = "$(ICON_NAME_DEBUG)";
				ICON_FILE = "$(ICON_FILE_PATH)$(ICON)";
				INFOPLIST_FILE = "openFrameworks-Info.plist";
				INSTALL_PATH = "$(HOME)/Applications";
				LIBRARY_SEARCH_PATHS = (
					"$(inherited)",
					"$(LIBRARY_SEARCH_PATHS_QUOTED_FOR_TARGET_1)",
					"$(LIBRARY_SEARCH_PATHS_QUOTED_FOR_TARGET_2)",
					"$(LIBRARY_SEARCH_PATHS_QUOTED_FOR_TARGET_3)",
					"$(LIBRARY_SEARCH_PATHS_QUOTED_FOR_TARGET_4)",
					"$(LIBRARY_SEARCH_PATHS_QUOTED_FOR_TARGET_5)",
					"$(LIBRARY_SEARCH_PATHS_QUOTED_FOR_TARGET_6)",
					"$(LIBRARY_SEARCH_PATHS_QUOTED_FOR_TARGET_7)",
					"$(LIBRARY_SEARCH_PATHS_QUOTED_FOR_TARGET_8)",
					"$(LIBRARY_SEARCH_PATHS_QUOTED_FOR_TARGET_9)",
					"$(LIBRARY_SEARCH_PATHS_QUOTED_FOR_TARGET_10)",
					"$(LIBRARY_SEARCH_PATHS_QUOTED_FOR_TARGET_11)",
					"$(LIBRARY_SEARCH_PATHS_QUOTED_FOR_TARGET_12)",
					"$(LIBRARY_SEARCH_PATHS_QUOTED_FOR_TARGET_13)",
					"$(LIBRARY_SEARCH_PATHS_QUOTED_FOR_TARGET_14)",
					"$(LIBRARY_SEARCH_PATHS_QUOTED_FOR_TARGET_15)",
					"$(LIBRARY_SEARCH_PATHS_QUOTED_FOR_TARGET_2)",
					"$(LIBRARY_SEARCH_PATHS_QUOTED_FOR_TARGET_3)",
					"$(LIBRARY_SEARCH_PATHS_QUOTED_FOR_TARGET_7)",
					"$(LIBRARY_SEARCH_PATHS_QUOTED_FOR_TARGET_8)",
					"$(LIBRARY_SEARCH_PATHS_QUOTED_FOR_TARGET_9)",
					"$(LIBRARY_SEARCH_PATHS_QUOTED_FOR_TARGET_10)",
					"$(LIBRARY_SEARCH_PATHS_QUOTED_FOR_TARGET_11)",
					"$(LIBRARY_SEARCH_PATHS_QUOTED_FOR_TARGET_12)",
					"$(LIBRARY_SEARCH_PATHS_QUOTED_FOR_TARGET_13)",
					"$(LIBRARY_SEARCH_PATHS_QUOTED_FOR_TARGET_16)",
					"$(LIBRARY_SEARCH_PATHS_QUOTED_FOR_TARGET_17)",
					"$(LIBRARY_SEARCH_PATHS_QUOTED_FOR_TARGET_18)",
					"$(LIBRARY_SEARCH_PATHS_QUOTED_FOR_TARGET_19)",
					"$(LIBRARY_SEARCH_PATHS_QUOTED_FOR_TARGET_20)",
					"$(LIBRARY_SEARCH_PATHS_QUOTED_FOR_TARGET_21)",
					"$(LIBRARY_SEARCH_PATHS_QUOTED_FOR_TARGET_22)",
					"$(LIBRARY_SEARCH_PATHS_QUOTED_FOR_TARGET_23)",
					"$(LIBRARY_SEARCH_PATHS_QUOTED_FOR_TARGET_24)",
					"$(LIBRARY_SEARCH_PATHS_QUOTED_FOR_TARGET_25)",
					"$(LIBRARY_SEARCH_PATHS_QUOTED_FOR_TARGET_26)",
					"$(LIBRARY_SEARCH_PATHS_QUOTED_FOR_TARGET_27)",
					"$(LIBRARY_SEARCH_PATHS_QUOTED_FOR_TARGET_28)",
					"$(LIBRARY_SEARCH_PATHS_QUOTED_FOR_TARGET_29)",
					"$(LIBRARY_SEARCH_PATHS_QUOTED_FOR_TARGET_30)",
					"$(LIBRARY_SEARCH_PATHS_QUOTED_FOR_TARGET_31)",
					"$(LIBRARY_SEARCH_PATHS_QUOTED_FOR_TARGET_32)",
					"$(LIBRARY_SEARCH_PATHS_QUOTED_FOR_TARGET_33)",
					"$(LIBRARY_SEARCH_PATHS_QUOTED_FOR_TARGET_34)",
					"$(LIBRARY_SEARCH_PATHS_QUOTED_FOR_TARGET_35)",
					"$(LIBRARY_SEARCH_PATHS_QUOTED_FOR_TARGET_36)",
					"$(LIBRARY_SEARCH_PATHS_QUOTED_FOR_TARGET_37)",
					"$(LIBRARY_SEARCH_PATHS_QUOTED_FOR_TARGET_38)",
					"$(LIBRARY_SEARCH_PATHS_QUOTED_FOR_TARGET_39)",
					"$(LIBRARY_SEARCH_PATHS_QUOTED_FOR_TARGET_40)",
					"$(LIBRARY_SEARCH_PATHS_QUOTED_FOR_TARGET_41)",
					"$(LIBRARY_SEARCH_PATHS_QUOTED_FOR_TARGET_42)",
					"$(LIBRARY_SEARCH_PATHS_QUOTED_FOR_TARGET_43)",
					"$(LIBRARY_SEARCH_PATHS_QUOTED_FOR_TARGET_44)",
					"$(LIBRARY_SEARCH_PATHS_QUOTED_FOR_TARGET_45)",
					"$(LIBRARY_SEARCH_PATHS_QUOTED_FOR_TARGET_46)",
					"$(LIBRARY_SEARCH_PATHS_QUOTED_FOR_TARGET_47)",
					"$(LIBRARY_SEARCH_PATHS_QUOTED_FOR_TARGET_48)",
					"$(LIBRARY_SEARCH_PATHS_QUOTED_FOR_TARGET_49)",
					"$(LIBRARY_SEARCH_PATHS_QUOTED_FOR_TARGET_50)",
					"$(LIBRARY_SEARCH_PATHS_QUOTED_FOR_TARGET_51)",
					"$(LIBRARY_SEARCH_PATHS_QUOTED_FOR_TARGET_52)",
					"/Users/daankrijnen/Programming/of_v0.8.2-RC1_osx_release/addons/ofxOpenCv/libs/opencv/lib/osx",
				);
				PRODUCT_NAME = "$(TARGET_NAME)Debug";
				USER_HEADER_SEARCH_PATHS = "../../../../of_v0.8.2-RC1_osx_release/addons/ofxOpenCv/libs/opencv/include/";
				WRAPPER_EXTENSION = app;
			};
			name = Debug;
		};
		E4B69B610A3A1757003C02F2 /* Release */ = {
			isa = XCBuildConfiguration;
			buildSettings = {
				COMBINE_HIDPI_IMAGES = YES;
				COPY_PHASE_STRIP = YES;
				FRAMEWORK_SEARCH_PATHS = (
					"$(inherited)",
					"$(FRAMEWORK_SEARCH_PATHS_QUOTED_FOR_TARGET_1)",
				);
				FRAMEWORK_SEARCH_PATHS_QUOTED_FOR_TARGET_1 = "\"$(SRCROOT)/../../../libs/glut/lib/osx\"";
				GCC_GENERATE_DEBUGGING_SYMBOLS = YES;
				GCC_MODEL_TUNING = NONE;
				HEADER_SEARCH_PATHS = (
					"$(OF_CORE_HEADERS)",
					../../../addons/ofxOpenCv/libs,
					../../../addons/ofxOpenCv/libs/opencv,
					../../../addons/ofxOpenCv/libs/opencv/include,
					../../../addons/ofxOpenCv/libs/opencv/include/opencv,
					../../../addons/ofxOpenCv/libs/opencv/include/opencv2,
					../../../addons/ofxOpenCv/libs/opencv/lib/osx,
					../../../addons/ofxOpenCv/libs/opencv/lib,
					../../../addons/ofxOpenCv/src,
					../../../addons/ofxGui/libs,
					../../../addons/ofxGui/src,
					../../../addons/ofxVectorGraphics/libs,
					../../../addons/ofxVectorGraphics/src,
					../../../addons/ofxCv/libs,
					../../../addons/ofxCv/libs/CLD,
					../../../addons/ofxCv/libs/CLD/include,
					../../../addons/ofxCv/libs/CLD/include/CLD,
					../../../addons/ofxCv/libs/CLD/src,
					../../../addons/ofxCv/libs/ofxCv,
					../../../addons/ofxCv/libs/ofxCv/include/,
					../../../addons/ofxCv/libs/ofxCv/include/ofxCv,
					../../../addons/ofxCv/libs/ofxCv/src,
					../../../addons/ofxCv/src,
					../../../addons/ofxGamepad/libs,
					../../../addons/ofxGamepad/libs/wgois,
					../../../addons/ofxGamepad/libs/wgois/include,
					../../../addons/ofxGamepad/libs/wgois/include/linux,
					../../../addons/ofxGamepad/libs/wgois/include/mac,
					../../../addons/ofxGamepad/libs/wgois/include/win32,
					../../../addons/ofxGamepad/libs/wgois/lib,
					../../../addons/ofxGamepad/libs/wgois/lib/osx,
					../../../addons/ofxGamepad/libs/wgois/lib/vs2008,
					../../../addons/ofxGamepad/libs/wgois/lib/vs2010,
					../../../addons/ofxGamepad/src,
				);
				ICON = "$(ICON_NAME_RELEASE)";
				ICON_FILE = "$(ICON_FILE_PATH)$(ICON)";
				INFOPLIST_FILE = "openFrameworks-Info.plist";
				INSTALL_PATH = "$(HOME)/Applications";
				LIBRARY_SEARCH_PATHS = (
					"$(inherited)",
					"$(LIBRARY_SEARCH_PATHS_QUOTED_FOR_TARGET_1)",
					"$(LIBRARY_SEARCH_PATHS_QUOTED_FOR_TARGET_2)",
					"$(LIBRARY_SEARCH_PATHS_QUOTED_FOR_TARGET_3)",
					"$(LIBRARY_SEARCH_PATHS_QUOTED_FOR_TARGET_4)",
					"$(LIBRARY_SEARCH_PATHS_QUOTED_FOR_TARGET_5)",
					"$(LIBRARY_SEARCH_PATHS_QUOTED_FOR_TARGET_6)",
					"$(LIBRARY_SEARCH_PATHS_QUOTED_FOR_TARGET_7)",
					"$(LIBRARY_SEARCH_PATHS_QUOTED_FOR_TARGET_8)",
					"$(LIBRARY_SEARCH_PATHS_QUOTED_FOR_TARGET_9)",
					"$(LIBRARY_SEARCH_PATHS_QUOTED_FOR_TARGET_10)",
					"$(LIBRARY_SEARCH_PATHS_QUOTED_FOR_TARGET_11)",
					"$(LIBRARY_SEARCH_PATHS_QUOTED_FOR_TARGET_12)",
					"$(LIBRARY_SEARCH_PATHS_QUOTED_FOR_TARGET_13)",
					"$(LIBRARY_SEARCH_PATHS_QUOTED_FOR_TARGET_14)",
					"$(LIBRARY_SEARCH_PATHS_QUOTED_FOR_TARGET_15)",
					"$(LIBRARY_SEARCH_PATHS_QUOTED_FOR_TARGET_2)",
					"$(LIBRARY_SEARCH_PATHS_QUOTED_1)",
					"$(LIBRARY_SEARCH_PATHS_QUOTED_FOR_TARGET_3)",
					"$(LIBRARY_SEARCH_PATHS_QUOTED_FOR_TARGET_7)",
					"$(LIBRARY_SEARCH_PATHS_QUOTED_FOR_TARGET_8)",
					"$(LIBRARY_SEARCH_PATHS_QUOTED_FOR_TARGET_9)",
					"$(LIBRARY_SEARCH_PATHS_QUOTED_FOR_TARGET_10)",
					"$(LIBRARY_SEARCH_PATHS_QUOTED_FOR_TARGET_11)",
					"$(LIBRARY_SEARCH_PATHS_QUOTED_FOR_TARGET_12)",
					"$(LIBRARY_SEARCH_PATHS_QUOTED_FOR_TARGET_13)",
					"$(LIBRARY_SEARCH_PATHS_QUOTED_FOR_TARGET_16)",
					"$(LIBRARY_SEARCH_PATHS_QUOTED_FOR_TARGET_17)",
					"$(LIBRARY_SEARCH_PATHS_QUOTED_FOR_TARGET_18)",
					"$(LIBRARY_SEARCH_PATHS_QUOTED_FOR_TARGET_19)",
					"$(LIBRARY_SEARCH_PATHS_QUOTED_FOR_TARGET_20)",
					"$(LIBRARY_SEARCH_PATHS_QUOTED_FOR_TARGET_21)",
					"$(LIBRARY_SEARCH_PATHS_QUOTED_FOR_TARGET_22)",
					"$(LIBRARY_SEARCH_PATHS_QUOTED_FOR_TARGET_23)",
					"$(LIBRARY_SEARCH_PATHS_QUOTED_FOR_TARGET_24)",
					"$(LIBRARY_SEARCH_PATHS_QUOTED_FOR_TARGET_25)",
					"$(LIBRARY_SEARCH_PATHS_QUOTED_FOR_TARGET_26)",
					"$(LIBRARY_SEARCH_PATHS_QUOTED_FOR_TARGET_27)",
					"$(LIBRARY_SEARCH_PATHS_QUOTED_FOR_TARGET_28)",
					"$(LIBRARY_SEARCH_PATHS_QUOTED_FOR_TARGET_29)",
					"$(LIBRARY_SEARCH_PATHS_QUOTED_FOR_TARGET_30)",
					"$(LIBRARY_SEARCH_PATHS_QUOTED_FOR_TARGET_31)",
					"$(LIBRARY_SEARCH_PATHS_QUOTED_FOR_TARGET_32)",
					"$(LIBRARY_SEARCH_PATHS_QUOTED_FOR_TARGET_33)",
					"$(LIBRARY_SEARCH_PATHS_QUOTED_FOR_TARGET_34)",
					"$(LIBRARY_SEARCH_PATHS_QUOTED_FOR_TARGET_35)",
					"$(LIBRARY_SEARCH_PATHS_QUOTED_FOR_TARGET_36)",
					"$(LIBRARY_SEARCH_PATHS_QUOTED_FOR_TARGET_37)",
					"$(LIBRARY_SEARCH_PATHS_QUOTED_FOR_TARGET_38)",
					"$(LIBRARY_SEARCH_PATHS_QUOTED_FOR_TARGET_39)",
					"$(LIBRARY_SEARCH_PATHS_QUOTED_FOR_TARGET_40)",
					"$(LIBRARY_SEARCH_PATHS_QUOTED_FOR_TARGET_41)",
					"$(LIBRARY_SEARCH_PATHS_QUOTED_FOR_TARGET_42)",
					"$(LIBRARY_SEARCH_PATHS_QUOTED_FOR_TARGET_43)",
					"$(LIBRARY_SEARCH_PATHS_QUOTED_FOR_TARGET_44)",
					"$(LIBRARY_SEARCH_PATHS_QUOTED_FOR_TARGET_45)",
					"$(LIBRARY_SEARCH_PATHS_QUOTED_FOR_TARGET_46)",
					"$(LIBRARY_SEARCH_PATHS_QUOTED_FOR_TARGET_47)",
					"$(LIBRARY_SEARCH_PATHS_QUOTED_FOR_TARGET_48)",
					"$(LIBRARY_SEARCH_PATHS_QUOTED_FOR_TARGET_49)",
					"$(LIBRARY_SEARCH_PATHS_QUOTED_FOR_TARGET_50)",
					"$(LIBRARY_SEARCH_PATHS_QUOTED_FOR_TARGET_51)",
					"/Users/daankrijnen/Programming/of_v0.8.2-RC1_osx_release/addons/ofxOpenCv/libs/opencv/lib/osx",
				);
				PRODUCT_NAME = "$(TARGET_NAME)";
				USER_HEADER_SEARCH_PATHS = "../../../../of_v0.8.2-RC1_osx_release/addons/ofxOpenCv/libs/opencv/include/";
				WRAPPER_EXTENSION = app;
			};
			name = Release;
		};
/* End XCBuildConfiguration section */

/* Begin XCConfigurationList section */
		E4B69B4D0A3A1720003C02F2 /* Build configuration list for PBXProject "changeCourse" */ = {
			isa = XCConfigurationList;
			buildConfigurations = (
				E4B69B4E0A3A1720003C02F2 /* Debug */,
				E4B69B4F0A3A1720003C02F2 /* Release */,
			);
			defaultConfigurationIsVisible = 0;
			defaultConfigurationName = Release;
		};
		E4B69B5F0A3A1757003C02F2 /* Build configuration list for PBXNativeTarget "changeCourse" */ = {
			isa = XCConfigurationList;
			buildConfigurations = (
				E4B69B600A3A1757003C02F2 /* Debug */,
				E4B69B610A3A1757003C02F2 /* Release */,
			);
			defaultConfigurationIsVisible = 0;
			defaultConfigurationName = Release;
		};
/* End XCConfigurationList section */
	};
	rootObject = E4B69B4C0A3A1720003C02F2 /* Project object */;
}
